// !$*UTF8*$!
{
	archiveVersion = 1;
	classes = {
	};
	objectVersion = 55;
	objects = {

/* Begin PBXBuildFile section */
		BEE1DFC327DAF93C0055133B /* 16431_베시와데이지.cpp in Sources */ = {isa = PBXBuildFile; fileRef = BEE1DFC227DAF93C0055133B /* 16431_베시와데이지.cpp */; };
		BEE1DFC727DAFA1D0055133B /* 19944_뉴비의기준은뭘까.cpp in Sources */ = {isa = PBXBuildFile; fileRef = BEE1DFC627DAFA1D0055133B /* 19944_뉴비의기준은뭘까.cpp */; };
/* End PBXBuildFile section */

/* Begin PBXCopyFilesBuildPhase section */
		BECB8E5F27B22E68008BF408 /* CopyFiles */ = {
			isa = PBXCopyFilesBuildPhase;
			buildActionMask = 2147483647;
			dstPath = /usr/share/man/man1/;
			dstSubfolderSpec = 0;
			files = (
			);
			runOnlyForDeploymentPostprocessing = 1;
		};
/* End PBXCopyFilesBuildPhase section */

/* Begin PBXFileReference section */
		BE4BEFFE27B6BB6800E8E892 /* 2588_곱셈.cpp */ = {isa = PBXFileReference; lastKnownFileType = sourcecode.cpp.cpp; path = "2588_곱셈.cpp"; sourceTree = "<group>"; };
		BE58244527D1F1E6008D2B19 /* 3004_체스판조각.cpp */ = {isa = PBXFileReference; lastKnownFileType = sourcecode.cpp.cpp; path = "3004_체스판조각.cpp"; sourceTree = "<group>"; };
		BE58244727D1F26C008D2B19 /* 5532_방학숙제.cpp */ = {isa = PBXFileReference; lastKnownFileType = sourcecode.cpp.cpp; path = "5532_방학숙제.cpp"; sourceTree = "<group>"; };
		BE58244927D1F2C7008D2B19 /* 5543_상근날드.cpp */ = {isa = PBXFileReference; lastKnownFileType = sourcecode.cpp.cpp; path = "5543_상근날드.cpp"; sourceTree = "<group>"; };
		BE58244C27D1F3C4008D2B19 /* 5575_타임카드.cpp */ = {isa = PBXFileReference; lastKnownFileType = sourcecode.cpp.cpp; path = "5575_타임카드.cpp"; sourceTree = "<group>"; };
		BE7E2EF727C3E2C50038178A /* 2845_파티가끝나고난뒤.cpp */ = {isa = PBXFileReference; lastKnownFileType = sourcecode.cpp.cpp; path = "2845_파티가끝나고난뒤.cpp"; sourceTree = "<group>"; };
		BE7E2EF927C3E3960038178A /* 2914_저작권.cpp */ = {isa = PBXFileReference; lastKnownFileType = sourcecode.cpp.cpp; path = "2914_저작권.cpp"; sourceTree = "<group>"; };
		BE7E2EFB27C3E4330038178A /* 3003_킹퀸룩비숍나이트폰.cpp */ = {isa = PBXFileReference; lastKnownFileType = sourcecode.cpp.cpp; path = "3003_킹퀸룩비숍나이트폰.cpp"; sourceTree = "<group>"; };
		BE7E2EFD27C3E55D0038178A /* 3046_R2.cpp */ = {isa = PBXFileReference; lastKnownFileType = sourcecode.cpp.cpp; path = 3046_R2.cpp; sourceTree = "<group>"; };
		BE9F146B27B413CD00219E89 /* 2475_검증수.cpp */ = {isa = PBXFileReference; lastKnownFileType = sourcecode.cpp.cpp; path = "2475_검증수.cpp"; sourceTree = "<group>"; };
		BE9F146E27B5E6D100219E89 /* 1330_두수비교하기.cpp */ = {isa = PBXFileReference; lastKnownFileType = sourcecode.cpp.cpp; path = "1330_두수비교하기.cpp"; sourceTree = "<group>"; };
		BE9FFDA527B945E000CB024D /* 8393_합.cpp */ = {isa = PBXFileReference; lastKnownFileType = sourcecode.cpp.cpp; path = "8393_합.cpp"; sourceTree = "<group>"; };
		BEC0AACA27CDE052005FC522 /* 17295_엔드게임스포일러.cpp */ = {isa = PBXFileReference; lastKnownFileType = sourcecode.cpp.cpp; path = "17295_엔드게임스포일러.cpp"; sourceTree = "<group>"; };
		BEC0AACC27CDE0D5005FC522 /* 15962_새로운시작.cpp */ = {isa = PBXFileReference; lastKnownFileType = sourcecode.cpp.cpp; path = "15962_새로운시작.cpp"; sourceTree = "<group>"; };
		BEC0AACE27CDE13F005FC522 /* 11942_고려대는 사랑입니다..cpp */ = {isa = PBXFileReference; lastKnownFileType = sourcecode.cpp.cpp; path = "11942_고려대는 사랑입니다..cpp"; sourceTree = "<group>"; };
		BEC0AAD027CDE211005FC522 /* 17496_스타후르츠.cpp */ = {isa = PBXFileReference; lastKnownFileType = sourcecode.cpp.cpp; path = "17496_스타후르츠.cpp"; sourceTree = "<group>"; };
		BEC0AAD227CFA5FB005FC522 /* 18108_1998년생인내가태국에서는2541년생?!.cpp */ = {isa = PBXFileReference; lastKnownFileType = sourcecode.cpp.cpp; path = "18108_1998년생인내가태국에서는2541년생?!.cpp"; sourceTree = "<group>"; };
		BEC0AAD427CFA680005FC522 /* 18301_Rats.cpp */ = {isa = PBXFileReference; lastKnownFileType = sourcecode.cpp.cpp; path = 18301_Rats.cpp; sourceTree = "<group>"; };
		BEC0AAD627CFA6F6005FC522 /* 20254_SiteScore.cpp */ = {isa = PBXFileReference; lastKnownFileType = sourcecode.cpp.cpp; path = 20254_SiteScore.cpp; sourceTree = "<group>"; };
		BEC0AAD827CFA750005FC522 /* 20492_세금.cpp */ = {isa = PBXFileReference; lastKnownFileType = sourcecode.cpp.cpp; path = "20492_세금.cpp"; sourceTree = "<group>"; };
		BEC0AADA27D095B9005FC522 /* 1712_손익분기점.cpp */ = {isa = PBXFileReference; lastKnownFileType = sourcecode.cpp.cpp; path = "1712_손익분기점.cpp"; sourceTree = "<group>"; };
		BEC0AADC27D09664005FC522 /* 2420_사파리월드.cpp */ = {isa = PBXFileReference; lastKnownFileType = sourcecode.cpp.cpp; path = "2420_사파리월드.cpp"; sourceTree = "<group>"; };
		BEC0AADE27D09724005FC522 /* 2480_주사위세개.cpp */ = {isa = PBXFileReference; lastKnownFileType = sourcecode.cpp.cpp; path = "2480_주사위세개.cpp"; sourceTree = "<group>"; };
		BEC0AAE027D09810005FC522 /* 2525_오븐시계.cpp */ = {isa = PBXFileReference; lastKnownFileType = sourcecode.cpp.cpp; path = "2525_오븐시계.cpp"; sourceTree = "<group>"; };
		BECB45A427B2BF5A00095197 /* 1008_A나누기B.cpp */ = {isa = PBXFileReference; lastKnownFileType = sourcecode.cpp.cpp; path = "1008_A나누기B.cpp"; sourceTree = "<group>"; usesTabs = 0; };
		BECB8E6127B22E68008BF408 /* Algorithm */ = {isa = PBXFileReference; explicitFileType = "compiled.mach-o.executable"; includeInIndex = 0; path = Algorithm; sourceTree = BUILT_PRODUCTS_DIR; };
		BECB8E6427B22E68008BF408 /* 1000_A+B.cpp */ = {isa = PBXFileReference; lastKnownFileType = sourcecode.cpp.cpp; path = "1000_A+B.cpp"; sourceTree = "<group>"; };
		BECB8E6E27B230D6008BF408 /* 1001_A-B.cpp */ = {isa = PBXFileReference; lastKnownFileType = sourcecode.cpp.cpp; path = "1001_A-B.cpp"; sourceTree = "<group>"; };
		BECB8E7327B23511008BF408 /* 2557_HelloWorld.cpp */ = {isa = PBXFileReference; lastKnownFileType = sourcecode.cpp.cpp; path = 2557_HelloWorld.cpp; sourceTree = "<group>"; };
		BECE01FD27C1F605006ED405 /* 2742_기찍N.cpp */ = {isa = PBXFileReference; lastKnownFileType = sourcecode.cpp.cpp; path = "2742_기찍N.cpp"; sourceTree = "<group>"; };
		BECE01FF27C290BB006ED405 /* 10869_사칙연산.cpp */ = {isa = PBXFileReference; lastKnownFileType = sourcecode.cpp.cpp; path = "10869_사칙연산.cpp"; sourceTree = "<group>"; };
		BECE020127C291BE006ED405 /* 5338_마이크로소프트로고.cpp */ = {isa = PBXFileReference; lastKnownFileType = sourcecode.cpp.cpp; path = "5338_마이크로소프트로고.cpp"; sourceTree = "<group>"; };
		BECE020327C29285006ED405 /* 5337_웰컴.cpp */ = {isa = PBXFileReference; lastKnownFileType = sourcecode.cpp.cpp; path = "5337_웰컴.cpp"; sourceTree = "<group>"; };
		BECE020527C29368006ED405 /* 1550_16진수.cpp */ = {isa = PBXFileReference; lastKnownFileType = sourcecode.cpp.cpp; path = "1550_16진수.cpp"; sourceTree = "<group>"; };
		BED5300427C760360013D570 /* 8370_Plane.cpp */ = {isa = PBXFileReference; lastKnownFileType = sourcecode.cpp.cpp; path = 8370_Plane.cpp; sourceTree = "<group>"; };
		BED5300627C760D20013D570 /* 9653_스타워즈로고.cpp */ = {isa = PBXFileReference; lastKnownFileType = sourcecode.cpp.cpp; path = "9653_스타워즈로고.cpp"; sourceTree = "<group>"; };
		BED5300827C7612B0013D570 /* 10171_고양이.cpp */ = {isa = PBXFileReference; lastKnownFileType = sourcecode.cpp.cpp; path = "10171_고양이.cpp"; sourceTree = "<group>"; };
		BED5300A27C761C80013D570 /* 10172_개.cpp */ = {isa = PBXFileReference; lastKnownFileType = sourcecode.cpp.cpp; path = "10172_개.cpp"; sourceTree = "<group>"; };
		BED5300C27C7DD220013D570 /* 10430_나머지.cpp */ = {isa = PBXFileReference; lastKnownFileType = sourcecode.cpp.cpp; path = "10430_나머지.cpp"; sourceTree = "<group>"; };
		BED5300E27C7DE0C0013D570 /* 10718_WeLoveKriii.cpp */ = {isa = PBXFileReference; lastKnownFileType = sourcecode.cpp.cpp; path = 10718_WeLoveKriii.cpp; sourceTree = "<group>"; };
		BED5301027C7DF000013D570 /* 10926_??!.cpp */ = {isa = PBXFileReference; lastKnownFileType = sourcecode.cpp.cpp; path = "10926_??!.cpp"; sourceTree = "<group>"; };
		BED5301227C7DF890013D570 /* 10998_AxB.cpp */ = {isa = PBXFileReference; lastKnownFileType = sourcecode.cpp.cpp; path = 10998_AxB.cpp; sourceTree = "<group>"; };
		BED5301427C9F10C0013D570 /* 11654_아스키코드.cpp */ = {isa = PBXFileReference; lastKnownFileType = sourcecode.cpp.cpp; path = "11654_아스키코드.cpp"; sourceTree = "<group>"; };
		BED5301627C9F1B70013D570 /* 14645_와이버스부릉부릉.cpp */ = {isa = PBXFileReference; lastKnownFileType = sourcecode.cpp.cpp; path = "14645_와이버스부릉부릉.cpp"; sourceTree = "<group>"; };
		BED5301827C9F2470013D570 /* 14928_큰수(BIG).cpp */ = {isa = PBXFileReference; lastKnownFileType = sourcecode.cpp.cpp; path = "14928_큰수(BIG).cpp"; sourceTree = "<group>"; };
		BED5301A27C9F2DB0013D570 /* 15727_조별과제를하려는데조장이사라졌다.cpp */ = {isa = PBXFileReference; lastKnownFileType = sourcecode.cpp.cpp; path = "15727_조별과제를하려는데조장이사라졌다.cpp"; sourceTree = "<group>"; };
		BED5301D27CB4C4E0013D570 /* 14652_나는행복합니다.cpp */ = {isa = PBXFileReference; lastKnownFileType = sourcecode.cpp.cpp; path = "14652_나는행복합니다.cpp"; sourceTree = "<group>"; };
		BED5301F27CB4D280013D570 /* 11382_꼬마정민.cpp */ = {isa = PBXFileReference; lastKnownFileType = sourcecode.cpp.cpp; path = "11382_꼬마정민.cpp"; sourceTree = "<group>"; };
		BED5302127CB4D760013D570 /* 15733_나는누구인가.cpp */ = {isa = PBXFileReference; lastKnownFileType = sourcecode.cpp.cpp; path = "15733_나는누구인가.cpp"; sourceTree = "<group>"; };
		BED5302327CB4DE00013D570 /* 15894_수학은체육과목입니다.cpp */ = {isa = PBXFileReference; lastKnownFileType = sourcecode.cpp.cpp; path = "15894_수학은체육과목입니다.cpp"; sourceTree = "<group>"; };
		BED5302527CBCA440013D570 /* 15964_이상한기호.cpp */ = {isa = PBXFileReference; lastKnownFileType = sourcecode.cpp.cpp; path = "15964_이상한기호.cpp"; sourceTree = "<group>"; };
		BED5302727CBCCA10013D570 /* 16394_홍익대학교.cpp */ = {isa = PBXFileReference; lastKnownFileType = sourcecode.cpp.cpp; path = "16394_홍익대학교.cpp"; sourceTree = "<group>"; };
		BED5302927CBCD100013D570 /* 16430_제리와톰.cpp */ = {isa = PBXFileReference; lastKnownFileType = sourcecode.cpp.cpp; path = "16430_제리와톰.cpp"; sourceTree = "<group>"; };
		BED5302B27CBCD590013D570 /* 17256_달달함이넘쳐흘러.cpp */ = {isa = PBXFileReference; lastKnownFileType = sourcecode.cpp.cpp; path = "17256_달달함이넘쳐흘러.cpp"; sourceTree = "<group>"; };
		BED5F6F927BA925500359F57 /* 10039_평균점수.cpp */ = {isa = PBXFileReference; lastKnownFileType = sourcecode.cpp.cpp; path = "10039_평균점수.cpp"; sourceTree = "<group>"; };
		BED5F6FB27BBA6ED00359F57 /* 2558_A+B-2.cpp */ = {isa = PBXFileReference; lastKnownFileType = sourcecode.cpp.cpp; path = "2558_A+B-2.cpp"; sourceTree = "<group>"; };
		BED6BBEE27BF2228006BC1C8 /* 2753_윤년.cpp */ = {isa = PBXFileReference; lastKnownFileType = sourcecode.cpp.cpp; path = "2753_윤년.cpp"; sourceTree = "<group>"; };
		BED6BBF027C0D53A006BC1C8 /* 2741_N찍기.cpp */ = {isa = PBXFileReference; lastKnownFileType = sourcecode.cpp.cpp; path = "2741_N찍기.cpp"; sourceTree = "<group>"; };
		BEDE698527C5D38B00357B91 /* 5339_콜센터.cpp */ = {isa = PBXFileReference; lastKnownFileType = sourcecode.cpp.cpp; path = "5339_콜센터.cpp"; sourceTree = "<group>"; };
		BEDE698727C5D53C00357B91 /* 5522_카드게임.cpp */ = {isa = PBXFileReference; lastKnownFileType = sourcecode.cpp.cpp; path = "5522_카드게임.cpp"; sourceTree = "<group>"; };
		BEDE698927C5D5B900357B91 /* 5554_심부름가는길.cpp */ = {isa = PBXFileReference; lastKnownFileType = sourcecode.cpp.cpp; path = "5554_심부름가는길.cpp"; sourceTree = "<group>"; };
		BEDE698B27C5D62000357B91 /* 6749_NextInLine.cpp */ = {isa = PBXFileReference; lastKnownFileType = sourcecode.cpp.cpp; path = 6749_NextInLine.cpp; sourceTree = "<group>"; };
		BEDEDBAF27D4F0C800C6F58A /* 10162_전자레인지.cpp */ = {isa = PBXFileReference; lastKnownFileType = sourcecode.cpp.cpp; path = "10162_전자레인지.cpp"; sourceTree = "<group>"; };
		BEDEDBB127D4F13A00C6F58A /* 10707_수도요금.cpp */ = {isa = PBXFileReference; lastKnownFileType = sourcecode.cpp.cpp; path = "10707_수도요금.cpp"; sourceTree = "<group>"; };
		BEDEDBB327D4F1A100C6F58A /* 10768_특별한날.cpp */ = {isa = PBXFileReference; lastKnownFileType = sourcecode.cpp.cpp; path = "10768_특별한날.cpp"; sourceTree = "<group>"; };
		BEDEDBB527D4F31D00C6F58A /* 10797_10부제.cpp */ = {isa = PBXFileReference; lastKnownFileType = sourcecode.cpp.cpp; path = "10797_10부제.cpp"; sourceTree = "<group>"; };
		BEE1DFC227DAF93C0055133B /* 16431_베시와데이지.cpp */ = {isa = PBXFileReference; fileEncoding = 4; lastKnownFileType = sourcecode.cpp.cpp; path = "16431_베시와데이지.cpp"; sourceTree = "<group>"; };
		BEE1DFC427DAF9C90055133B /* 19698_헛간청약.cpp */ = {isa = PBXFileReference; lastKnownFileType = sourcecode.cpp.cpp; path = "19698_헛간청약.cpp"; sourceTree = "<group>"; };
		BEE1DFC627DAFA1D0055133B /* 19944_뉴비의기준은뭘까.cpp */ = {isa = PBXFileReference; lastKnownFileType = sourcecode.cpp.cpp; path = "19944_뉴비의기준은뭘까.cpp"; sourceTree = "<group>"; };
		BEE1DFC827DAFA600055133B /* 20499_Darius님한타안함.cpp */ = {isa = PBXFileReference; lastKnownFileType = sourcecode.cpp.cpp; path = "20499_Darius님한타안함.cpp"; sourceTree = "<group>"; };
		BEE2CC9627BE292F00C3F962 /* 2752_세수정렬.cpp */ = {isa = PBXFileReference; lastKnownFileType = sourcecode.cpp.cpp; path = "2752_세수정렬.cpp"; sourceTree = "<group>"; };
		BEE53B8A27D333EC00C0FA40 /* 5596_시험점수.cpp */ = {isa = PBXFileReference; lastKnownFileType = sourcecode.cpp.cpp; path = "5596_시험점수.cpp"; sourceTree = "<group>"; };
		BEE53B8C27D3344900C0FA40 /* 9498_시험성적.cpp */ = {isa = PBXFileReference; lastKnownFileType = sourcecode.cpp.cpp; path = "9498_시험성적.cpp"; sourceTree = "<group>"; };
		BEE53B8E27D3359B00C0FA40 /* 10101_삼각형외우기.cpp */ = {isa = PBXFileReference; lastKnownFileType = sourcecode.cpp.cpp; path = "10101_삼각형외우기.cpp"; sourceTree = "<group>"; };
		BEE53B9027D335E400C0FA40 /* 10156_과자.cpp */ = {isa = PBXFileReference; lastKnownFileType = sourcecode.cpp.cpp; path = "10156_과자.cpp"; sourceTree = "<group>"; };
		BEE5567927D5E2E600DBFB57 /* 13866_팀나누기.cpp */ = {isa = PBXFileReference; lastKnownFileType = sourcecode.cpp.cpp; path = "13866_팀나누기.cpp"; sourceTree = "<group>"; };
		BEE5567B27D5E3BA00DBFB57 /* 14264_정육각형과삼각형.cpp */ = {isa = PBXFileReference; lastKnownFileType = sourcecode.cpp.cpp; path = "14264_정육각형과삼각형.cpp"; sourceTree = "<group>"; };
		BEE5567D27D5E3F800DBFB57 /* 14470_전자레인지.cpp */ = {isa = PBXFileReference; lastKnownFileType = sourcecode.cpp.cpp; path = "14470_전자레인지.cpp"; sourceTree = "<group>"; };
		BEE5567F27D5E44400DBFB57 /* 14681_사분면고르기.cpp */ = {isa = PBXFileReference; lastKnownFileType = sourcecode.cpp.cpp; path = "14681_사분면고르기.cpp"; sourceTree = "<group>"; };
		BEE5568127D7833800DBFB57 /* 14924_폰노이만과파리.cpp */ = {isa = PBXFileReference; lastKnownFileType = sourcecode.cpp.cpp; path = "14924_폰노이만과파리.cpp"; sourceTree = "<group>"; };
		BEE5568327D7840200DBFB57 /* 14935_FA.cpp */ = {isa = PBXFileReference; lastKnownFileType = sourcecode.cpp.cpp; path = 14935_FA.cpp; sourceTree = "<group>"; };
		BEE5568527D7846300DBFB57 /* 15680_연세대학교.cpp */ = {isa = PBXFileReference; lastKnownFileType = sourcecode.cpp.cpp; path = "15680_연세대학교.cpp"; sourceTree = "<group>"; };
		BEE5568727D7850C00DBFB57 /* 15700_타일채우기4.cpp */ = {isa = PBXFileReference; lastKnownFileType = sourcecode.cpp.cpp; path = "15700_타일채우기4.cpp"; sourceTree = "<group>"; };
		BEE7DB1F27D8DDBC00D9BFC0 /* 15726_이칙연산.cpp */ = {isa = PBXFileReference; lastKnownFileType = sourcecode.cpp.cpp; path = "15726_이칙연산.cpp"; sourceTree = "<group>"; };
		BEE7DB2127D8DDF900D9BFC0 /* 15873_공백없는A+B.cpp */ = {isa = PBXFileReference; lastKnownFileType = sourcecode.cpp.cpp; path = "15873_공백없는A+B.cpp"; sourceTree = "<group>"; };
		BEE7DB2327D8DE6100D9BFC0 /* 15963_CASIO.cpp */ = {isa = PBXFileReference; lastKnownFileType = sourcecode.cpp.cpp; path = 15963_CASIO.cpp; sourceTree = "<group>"; };
		BEE7DB2527D8DEBF00D9BFC0 /* 16199_나이계산하기.cpp */ = {isa = PBXFileReference; lastKnownFileType = sourcecode.cpp.cpp; path = "16199_나이계산하기.cpp"; sourceTree = "<group>"; };
		BEE7DB3127DA43C000D9BFC0 /* 16486_운동장한바퀴.cpp */ = {isa = PBXFileReference; lastKnownFileType = sourcecode.cpp.cpp; path = "16486_운동장한바퀴.cpp"; sourceTree = "<group>"; };
		BEE7DB3327DA44A100D9BFC0 /* 17362_수학은체육과목입니다2.cpp */ = {isa = PBXFileReference; lastKnownFileType = sourcecode.cpp.cpp; path = "17362_수학은체육과목입니다2.cpp"; sourceTree = "<group>"; };
		BEE7DB3527DA44DC00D9BFC0 /* 17388_와글와글숭고한.cpp */ = {isa = PBXFileReference; lastKnownFileType = sourcecode.cpp.cpp; path = "17388_와글와글숭고한.cpp"; sourceTree = "<group>"; };
/* End PBXFileReference section */

/* Begin PBXFrameworksBuildPhase section */
		BECB8E5E27B22E68008BF408 /* Frameworks */ = {
			isa = PBXFrameworksBuildPhase;
			buildActionMask = 2147483647;
			files = (
			);
			runOnlyForDeploymentPostprocessing = 0;
		};
/* End PBXFrameworksBuildPhase section */

/* Begin PBXGroup section */
		BECB8E5827B22E68008BF408 = {
			isa = PBXGroup;
			children = (
				BECB8E6327B22E68008BF408 /* Algorithm */,
				BECB8E6227B22E68008BF408 /* Products */,
			);
			sourceTree = "<group>";
		};
		BECB8E6227B22E68008BF408 /* Products */ = {
			isa = PBXGroup;
			children = (
				BECB8E6127B22E68008BF408 /* Algorithm */,
			);
			name = Products;
			sourceTree = "<group>";
		};
		BECB8E6327B22E68008BF408 /* Algorithm */ = {
			isa = PBXGroup;
			children = (
				BECB8E6427B22E68008BF408 /* 1000_A+B.cpp */,
				BECB8E6E27B230D6008BF408 /* 1001_A-B.cpp */,
				BECB45A427B2BF5A00095197 /* 1008_A나누기B.cpp */,
				BE9F146E27B5E6D100219E89 /* 1330_두수비교하기.cpp */,
				BECE020527C29368006ED405 /* 1550_16진수.cpp */,
				BEC0AADA27D095B9005FC522 /* 1712_손익분기점.cpp */,
				BEC0AADC27D09664005FC522 /* 2420_사파리월드.cpp */,
				BE9F146B27B413CD00219E89 /* 2475_검증수.cpp */,
				BEC0AADE27D09724005FC522 /* 2480_주사위세개.cpp */,
				BEC0AAE027D09810005FC522 /* 2525_오븐시계.cpp */,
				BECB8E7327B23511008BF408 /* 2557_HelloWorld.cpp */,
				BED5F6FB27BBA6ED00359F57 /* 2558_A+B-2.cpp */,
				BE4BEFFE27B6BB6800E8E892 /* 2588_곱셈.cpp */,
				BED6BBF027C0D53A006BC1C8 /* 2741_N찍기.cpp */,
				BECE01FD27C1F605006ED405 /* 2742_기찍N.cpp */,
				BEE2CC9627BE292F00C3F962 /* 2752_세수정렬.cpp */,
				BED6BBEE27BF2228006BC1C8 /* 2753_윤년.cpp */,
				BE7E2EF727C3E2C50038178A /* 2845_파티가끝나고난뒤.cpp */,
				BE7E2EF927C3E3960038178A /* 2914_저작권.cpp */,
				BE7E2EFB27C3E4330038178A /* 3003_킹퀸룩비숍나이트폰.cpp */,
				BE58244527D1F1E6008D2B19 /* 3004_체스판조각.cpp */,
				BE7E2EFD27C3E55D0038178A /* 3046_R2.cpp */,
				BECE020327C29285006ED405 /* 5337_웰컴.cpp */,
				BECE020127C291BE006ED405 /* 5338_마이크로소프트로고.cpp */,
				BEDE698527C5D38B00357B91 /* 5339_콜센터.cpp */,
				BEDE698727C5D53C00357B91 /* 5522_카드게임.cpp */,
				BE58244727D1F26C008D2B19 /* 5532_방학숙제.cpp */,
				BE58244927D1F2C7008D2B19 /* 5543_상근날드.cpp */,
				BEDE698927C5D5B900357B91 /* 5554_심부름가는길.cpp */,
				BE58244C27D1F3C4008D2B19 /* 5575_타임카드.cpp */,
				BEE53B8A27D333EC00C0FA40 /* 5596_시험점수.cpp */,
				BEDE698B27C5D62000357B91 /* 6749_NextInLine.cpp */,
				BED5300427C760360013D570 /* 8370_Plane.cpp */,
				BE9FFDA527B945E000CB024D /* 8393_합.cpp */,
				BEE53B8C27D3344900C0FA40 /* 9498_시험성적.cpp */,
				BED5300627C760D20013D570 /* 9653_스타워즈로고.cpp */,
				BED5F6F927BA925500359F57 /* 10039_평균점수.cpp */,
				BEE53B8E27D3359B00C0FA40 /* 10101_삼각형외우기.cpp */,
				BEE53B9027D335E400C0FA40 /* 10156_과자.cpp */,
				BEDEDBAF27D4F0C800C6F58A /* 10162_전자레인지.cpp */,
				BED5300827C7612B0013D570 /* 10171_고양이.cpp */,
				BED5300A27C761C80013D570 /* 10172_개.cpp */,
				BED5300C27C7DD220013D570 /* 10430_나머지.cpp */,
				BEDEDBB127D4F13A00C6F58A /* 10707_수도요금.cpp */,
				BED5300E27C7DE0C0013D570 /* 10718_WeLoveKriii.cpp */,
				BEDEDBB327D4F1A100C6F58A /* 10768_특별한날.cpp */,
				BEDEDBB527D4F31D00C6F58A /* 10797_10부제.cpp */,
				BECE01FF27C290BB006ED405 /* 10869_사칙연산.cpp */,
				BED5301027C7DF000013D570 /* 10926_??!.cpp */,
				BED5301227C7DF890013D570 /* 10998_AxB.cpp */,
				BED5301F27CB4D280013D570 /* 11382_꼬마정민.cpp */,
				BED5301427C9F10C0013D570 /* 11654_아스키코드.cpp */,
				BEC0AACE27CDE13F005FC522 /* 11942_고려대는 사랑입니다..cpp */,
				BEE5567927D5E2E600DBFB57 /* 13866_팀나누기.cpp */,
				BEE5567B27D5E3BA00DBFB57 /* 14264_정육각형과삼각형.cpp */,
				BEE5567D27D5E3F800DBFB57 /* 14470_전자레인지.cpp */,
				BED5301627C9F1B70013D570 /* 14645_와이버스부릉부릉.cpp */,
				BED5301D27CB4C4E0013D570 /* 14652_나는행복합니다.cpp */,
				BEE5567F27D5E44400DBFB57 /* 14681_사분면고르기.cpp */,
				BEE5568127D7833800DBFB57 /* 14924_폰노이만과파리.cpp */,
				BED5301827C9F2470013D570 /* 14928_큰수(BIG).cpp */,
				BEE5568327D7840200DBFB57 /* 14935_FA.cpp */,
				BEE5568527D7846300DBFB57 /* 15680_연세대학교.cpp */,
				BEE5568727D7850C00DBFB57 /* 15700_타일채우기4.cpp */,
				BEE7DB1F27D8DDBC00D9BFC0 /* 15726_이칙연산.cpp */,
				BED5301A27C9F2DB0013D570 /* 15727_조별과제를하려는데조장이사라졌다.cpp */,
				BED5302127CB4D760013D570 /* 15733_나는누구인가.cpp */,
				BEE7DB2127D8DDF900D9BFC0 /* 15873_공백없는A+B.cpp */,
				BED5302327CB4DE00013D570 /* 15894_수학은체육과목입니다.cpp */,
				BEC0AACC27CDE0D5005FC522 /* 15962_새로운시작.cpp */,
				BEE7DB2327D8DE6100D9BFC0 /* 15963_CASIO.cpp */,
				BED5302527CBCA440013D570 /* 15964_이상한기호.cpp */,
				BEE7DB2527D8DEBF00D9BFC0 /* 16199_나이계산하기.cpp */,
				BED5302727CBCCA10013D570 /* 16394_홍익대학교.cpp */,
				BED5302927CBCD100013D570 /* 16430_제리와톰.cpp */,
				BEE1DFC227DAF93C0055133B /* 16431_베시와데이지.cpp */,
				BEE7DB3127DA43C000D9BFC0 /* 16486_운동장한바퀴.cpp */,
				BED5302B27CBCD590013D570 /* 17256_달달함이넘쳐흘러.cpp */,
				BEC0AACA27CDE052005FC522 /* 17295_엔드게임스포일러.cpp */,
				BEE7DB3327DA44A100D9BFC0 /* 17362_수학은체육과목입니다2.cpp */,
				BEE7DB3527DA44DC00D9BFC0 /* 17388_와글와글숭고한.cpp */,
				BEC0AAD027CDE211005FC522 /* 17496_스타후르츠.cpp */,
				BEC0AAD227CFA5FB005FC522 /* 18108_1998년생인내가태국에서는2541년생?!.cpp */,
				BEC0AAD427CFA680005FC522 /* 18301_Rats.cpp */,
				BEC0AAD627CFA6F6005FC522 /* 20254_SiteScore.cpp */,
				BEC0AAD827CFA750005FC522 /* 20492_세금.cpp */,
				BEE1DFC427DAF9C90055133B /* 19698_헛간청약.cpp */,
				BEE1DFC627DAFA1D0055133B /* 19944_뉴비의기준은뭘까.cpp */,
				BEE1DFC827DAFA600055133B /* 20499_Darius님한타안함.cpp */,
			);
			path = Algorithm;
			sourceTree = "<group>";
		};
/* End PBXGroup section */

/* Begin PBXNativeTarget section */
		BECB8E6027B22E68008BF408 /* Algorithm */ = {
			isa = PBXNativeTarget;
			buildConfigurationList = BECB8E6827B22E68008BF408 /* Build configuration list for PBXNativeTarget "Algorithm" */;
			buildPhases = (
				BECB8E5D27B22E68008BF408 /* Sources */,
				BECB8E5E27B22E68008BF408 /* Frameworks */,
				BECB8E5F27B22E68008BF408 /* CopyFiles */,
			);
			buildRules = (
			);
			dependencies = (
			);
			name = Algorithm;
			productName = Algorithm;
			productReference = BECB8E6127B22E68008BF408 /* Algorithm */;
			productType = "com.apple.product-type.tool";
		};
/* End PBXNativeTarget section */

/* Begin PBXProject section */
		BECB8E5927B22E68008BF408 /* Project object */ = {
			isa = PBXProject;
			attributes = {
				BuildIndependentTargetsInParallel = 1;
				LastUpgradeCheck = 1320;
				TargetAttributes = {
					BECB8E6027B22E68008BF408 = {
						CreatedOnToolsVersion = 13.2.1;
					};
				};
			};
			buildConfigurationList = BECB8E5C27B22E68008BF408 /* Build configuration list for PBXProject "Algorithm" */;
			compatibilityVersion = "Xcode 13.0";
			developmentRegion = en;
			hasScannedForEncodings = 0;
			knownRegions = (
				en,
				Base,
			);
			mainGroup = BECB8E5827B22E68008BF408;
			productRefGroup = BECB8E6227B22E68008BF408 /* Products */;
			projectDirPath = "";
			projectRoot = "";
			targets = (
				BECB8E6027B22E68008BF408 /* Algorithm */,
			);
		};
/* End PBXProject section */

/* Begin PBXSourcesBuildPhase section */
		BECB8E5D27B22E68008BF408 /* Sources */ = {
			isa = PBXSourcesBuildPhase;
			buildActionMask = 2147483647;
			files = (
				BEE1DFC727DAFA1D0055133B /* 19944_뉴비의기준은뭘까.cpp in Sources */,
				BEE1DFC327DAF93C0055133B /* 16431_베시와데이지.cpp in Sources */,
			);
			runOnlyForDeploymentPostprocessing = 0;
		};
/* End PBXSourcesBuildPhase section */

/* Begin XCBuildConfiguration section */
		BECB8E6627B22E68008BF408 /* Debug */ = {
			isa = XCBuildConfiguration;
			buildSettings = {
				ALWAYS_SEARCH_USER_PATHS = NO;
				CLANG_ANALYZER_NONNULL = YES;
				CLANG_ANALYZER_NUMBER_OBJECT_CONVERSION = YES_AGGRESSIVE;
				CLANG_CXX_LANGUAGE_STANDARD = "gnu++17";
				CLANG_CXX_LIBRARY = "libc++";
				CLANG_ENABLE_MODULES = YES;
				CLANG_ENABLE_OBJC_ARC = YES;
				CLANG_ENABLE_OBJC_WEAK = YES;
				CLANG_WARN_BLOCK_CAPTURE_AUTORELEASING = YES;
				CLANG_WARN_BOOL_CONVERSION = YES;
				CLANG_WARN_COMMA = YES;
				CLANG_WARN_CONSTANT_CONVERSION = YES;
				CLANG_WARN_DEPRECATED_OBJC_IMPLEMENTATIONS = YES;
				CLANG_WARN_DIRECT_OBJC_ISA_USAGE = YES_ERROR;
				CLANG_WARN_DOCUMENTATION_COMMENTS = YES;
				CLANG_WARN_EMPTY_BODY = YES;
				CLANG_WARN_ENUM_CONVERSION = YES;
				CLANG_WARN_INFINITE_RECURSION = YES;
				CLANG_WARN_INT_CONVERSION = YES;
				CLANG_WARN_NON_LITERAL_NULL_CONVERSION = YES;
				CLANG_WARN_OBJC_IMPLICIT_RETAIN_SELF = YES;
				CLANG_WARN_OBJC_LITERAL_CONVERSION = YES;
				CLANG_WARN_OBJC_ROOT_CLASS = YES_ERROR;
				CLANG_WARN_QUOTED_INCLUDE_IN_FRAMEWORK_HEADER = YES;
				CLANG_WARN_RANGE_LOOP_ANALYSIS = YES;
				CLANG_WARN_STRICT_PROTOTYPES = YES;
				CLANG_WARN_SUSPICIOUS_MOVE = YES;
				CLANG_WARN_UNGUARDED_AVAILABILITY = YES_AGGRESSIVE;
				CLANG_WARN_UNREACHABLE_CODE = YES;
				CLANG_WARN__DUPLICATE_METHOD_MATCH = YES;
				COPY_PHASE_STRIP = NO;
				DEBUG_INFORMATION_FORMAT = dwarf;
				ENABLE_STRICT_OBJC_MSGSEND = YES;
				ENABLE_TESTABILITY = YES;
				GCC_C_LANGUAGE_STANDARD = gnu11;
				GCC_DYNAMIC_NO_PIC = NO;
				GCC_NO_COMMON_BLOCKS = YES;
				GCC_OPTIMIZATION_LEVEL = 0;
				GCC_PREPROCESSOR_DEFINITIONS = (
					"DEBUG=1",
					"$(inherited)",
				);
				GCC_WARN_64_TO_32_BIT_CONVERSION = YES;
				GCC_WARN_ABOUT_RETURN_TYPE = YES_ERROR;
				GCC_WARN_UNDECLARED_SELECTOR = YES;
				GCC_WARN_UNINITIALIZED_AUTOS = YES_AGGRESSIVE;
				GCC_WARN_UNUSED_FUNCTION = YES;
				GCC_WARN_UNUSED_VARIABLE = YES;
				MACOSX_DEPLOYMENT_TARGET = 11.6;
				MTL_ENABLE_DEBUG_INFO = INCLUDE_SOURCE;
				MTL_FAST_MATH = YES;
				ONLY_ACTIVE_ARCH = YES;
				SDKROOT = macosx;
			};
			name = Debug;
		};
		BECB8E6727B22E68008BF408 /* Release */ = {
			isa = XCBuildConfiguration;
			buildSettings = {
				ALWAYS_SEARCH_USER_PATHS = NO;
				CLANG_ANALYZER_NONNULL = YES;
				CLANG_ANALYZER_NUMBER_OBJECT_CONVERSION = YES_AGGRESSIVE;
				CLANG_CXX_LANGUAGE_STANDARD = "gnu++17";
				CLANG_CXX_LIBRARY = "libc++";
				CLANG_ENABLE_MODULES = YES;
				CLANG_ENABLE_OBJC_ARC = YES;
				CLANG_ENABLE_OBJC_WEAK = YES;
				CLANG_WARN_BLOCK_CAPTURE_AUTORELEASING = YES;
				CLANG_WARN_BOOL_CONVERSION = YES;
				CLANG_WARN_COMMA = YES;
				CLANG_WARN_CONSTANT_CONVERSION = YES;
				CLANG_WARN_DEPRECATED_OBJC_IMPLEMENTATIONS = YES;
				CLANG_WARN_DIRECT_OBJC_ISA_USAGE = YES_ERROR;
				CLANG_WARN_DOCUMENTATION_COMMENTS = YES;
				CLANG_WARN_EMPTY_BODY = YES;
				CLANG_WARN_ENUM_CONVERSION = YES;
				CLANG_WARN_INFINITE_RECURSION = YES;
				CLANG_WARN_INT_CONVERSION = YES;
				CLANG_WARN_NON_LITERAL_NULL_CONVERSION = YES;
				CLANG_WARN_OBJC_IMPLICIT_RETAIN_SELF = YES;
				CLANG_WARN_OBJC_LITERAL_CONVERSION = YES;
				CLANG_WARN_OBJC_ROOT_CLASS = YES_ERROR;
				CLANG_WARN_QUOTED_INCLUDE_IN_FRAMEWORK_HEADER = YES;
				CLANG_WARN_RANGE_LOOP_ANALYSIS = YES;
				CLANG_WARN_STRICT_PROTOTYPES = YES;
				CLANG_WARN_SUSPICIOUS_MOVE = YES;
				CLANG_WARN_UNGUARDED_AVAILABILITY = YES_AGGRESSIVE;
				CLANG_WARN_UNREACHABLE_CODE = YES;
				CLANG_WARN__DUPLICATE_METHOD_MATCH = YES;
				COPY_PHASE_STRIP = NO;
				DEBUG_INFORMATION_FORMAT = "dwarf-with-dsym";
				ENABLE_NS_ASSERTIONS = NO;
				ENABLE_STRICT_OBJC_MSGSEND = YES;
				GCC_C_LANGUAGE_STANDARD = gnu11;
				GCC_NO_COMMON_BLOCKS = YES;
				GCC_WARN_64_TO_32_BIT_CONVERSION = YES;
				GCC_WARN_ABOUT_RETURN_TYPE = YES_ERROR;
				GCC_WARN_UNDECLARED_SELECTOR = YES;
				GCC_WARN_UNINITIALIZED_AUTOS = YES_AGGRESSIVE;
				GCC_WARN_UNUSED_FUNCTION = YES;
				GCC_WARN_UNUSED_VARIABLE = YES;
				MACOSX_DEPLOYMENT_TARGET = 11.6;
				MTL_ENABLE_DEBUG_INFO = NO;
				MTL_FAST_MATH = YES;
				SDKROOT = macosx;
			};
			name = Release;
		};
		BECB8E6927B22E68008BF408 /* Debug */ = {
			isa = XCBuildConfiguration;
			buildSettings = {
				CODE_SIGN_STYLE = Automatic;
				PRODUCT_NAME = "$(TARGET_NAME)";
			};
			name = Debug;
		};
		BECB8E6A27B22E68008BF408 /* Release */ = {
			isa = XCBuildConfiguration;
			buildSettings = {
				CODE_SIGN_STYLE = Automatic;
				PRODUCT_NAME = "$(TARGET_NAME)";
			};
			name = Release;
		};
/* End XCBuildConfiguration section */

/* Begin XCConfigurationList section */
		BECB8E5C27B22E68008BF408 /* Build configuration list for PBXProject "Algorithm" */ = {
			isa = XCConfigurationList;
			buildConfigurations = (
				BECB8E6627B22E68008BF408 /* Debug */,
				BECB8E6727B22E68008BF408 /* Release */,
			);
			defaultConfigurationIsVisible = 0;
			defaultConfigurationName = Release;
		};
		BECB8E6827B22E68008BF408 /* Build configuration list for PBXNativeTarget "Algorithm" */ = {
			isa = XCConfigurationList;
			buildConfigurations = (
				BECB8E6927B22E68008BF408 /* Debug */,
				BECB8E6A27B22E68008BF408 /* Release */,
			);
			defaultConfigurationIsVisible = 0;
			defaultConfigurationName = Release;
		};
/* End XCConfigurationList section */
	};
	rootObject = BECB8E5927B22E68008BF408 /* Project object */;
}
