// !$*UTF8*$!
{
	archiveVersion = 1;
	classes = {
	};
	objectVersion = 55;
	objects = {

/* Begin PBXBuildFile section */
		BE1A4D83283F5426004BF09E /* 2563_색종이.cpp in Sources */ = {isa = PBXBuildFile; fileRef = BE1A4D82283F5426004BF09E /* 2563_색종이.cpp */; };
/* End PBXBuildFile section */

/* Begin PBXCopyFilesBuildPhase section */
		BECB8E5F27B22E68008BF408 /* CopyFiles */ = {
			isa = PBXCopyFilesBuildPhase;
			buildActionMask = 2147483647;
			dstPath = /usr/share/man/man1/;
			dstSubfolderSpec = 0;
			files = (
			);
			runOnlyForDeploymentPostprocessing = 1;
		};
/* End PBXCopyFilesBuildPhase section */

/* Begin PBXFileReference section */
		BE062C9C27F1DE9B001F6259 /* 15969_행복.cpp */ = {isa = PBXFileReference; lastKnownFileType = sourcecode.cpp.cpp; path = "15969_행복.cpp"; sourceTree = "<group>"; };
		BE062C9E27F1DF00001F6259 /* 2161_카드1.cpp */ = {isa = PBXFileReference; lastKnownFileType = sourcecode.cpp.cpp; path = "2161_카드1.cpp"; sourceTree = "<group>"; };
		BE062CA027F1DF34001F6259 /* 3985_롤케이크.cpp */ = {isa = PBXFileReference; lastKnownFileType = sourcecode.cpp.cpp; path = "3985_롤케이크.cpp"; sourceTree = "<group>"; };
		BE062CA227F1DF84001F6259 /* 1032_명령프롬프트.cpp */ = {isa = PBXFileReference; lastKnownFileType = sourcecode.cpp.cpp; path = "1032_명령프롬프트.cpp"; sourceTree = "<group>"; };
		BE09431627E2DB3000C4B6FC /* 2754_학점계산.cpp */ = {isa = PBXFileReference; lastKnownFileType = sourcecode.cpp.cpp; path = "2754_학점계산.cpp"; sourceTree = "<group>"; };
		BE09431A27E2DBD300C4B6FC /* 2863_이게분수.cpp */ = {isa = PBXFileReference; lastKnownFileType = sourcecode.cpp.cpp; path = "2863_이게분수.cpp"; sourceTree = "<group>"; };
		BE09431C27E2DD7200C4B6FC /* 2884_알람시계.cpp */ = {isa = PBXFileReference; lastKnownFileType = sourcecode.cpp.cpp; path = "2884_알람시계.cpp"; sourceTree = "<group>"; };
		BE09431E27E2DE1D00C4B6FC /* 3009_네번째점.cpp */ = {isa = PBXFileReference; lastKnownFileType = sourcecode.cpp.cpp; path = "3009_네번째점.cpp"; sourceTree = "<group>"; };
		BE16646027F3464700CE8023 /* 1718_암호.cpp */ = {isa = PBXFileReference; lastKnownFileType = sourcecode.cpp.cpp; path = "1718_암호.cpp"; sourceTree = "<group>"; };
		BE16646327F34C2100CE8023 /* 2231_분해합.cpp */ = {isa = PBXFileReference; lastKnownFileType = sourcecode.cpp.cpp; path = "2231_분해합.cpp"; sourceTree = "<group>"; };
		BE16646527F34DF800CE8023 /* 2292_벌집.cpp */ = {isa = PBXFileReference; lastKnownFileType = sourcecode.cpp.cpp; path = "2292_벌집.cpp"; sourceTree = "<group>"; };
		BE16646827F34F0E00CE8023 /* 2309_일곱난쟁이.cpp */ = {isa = PBXFileReference; lastKnownFileType = sourcecode.cpp.cpp; path = "2309_일곱난쟁이.cpp"; sourceTree = "<group>"; };
		BE16646A27F45E6200CE8023 /* 15649_N과M1.cpp */ = {isa = PBXFileReference; lastKnownFileType = sourcecode.cpp.cpp; path = "15649_N과M1.cpp"; sourceTree = "<group>"; };
		BE16646C27F45F6000CE8023 /* 15650_N과M2.cpp */ = {isa = PBXFileReference; lastKnownFileType = sourcecode.cpp.cpp; path = "15650_N과M2.cpp"; sourceTree = "<group>"; };
		BE16646E27F45FE000CE8023 /* 15651_N과M3.cpp */ = {isa = PBXFileReference; lastKnownFileType = sourcecode.cpp.cpp; path = "15651_N과M3.cpp"; sourceTree = "<group>"; };
		BE16647027F4608600CE8023 /* 15652_N과M4.cpp */ = {isa = PBXFileReference; lastKnownFileType = sourcecode.cpp.cpp; path = "15652_N과M4.cpp"; sourceTree = "<group>"; };
		BE1A4D82283F5426004BF09E /* 2563_색종이.cpp */ = {isa = PBXFileReference; lastKnownFileType = sourcecode.cpp.cpp; path = "2563_색종이.cpp"; sourceTree = "<group>"; };
		BE20D13D27FC2FBD00FC8F96 /* 1018_체스판다시칠하기.cpp */ = {isa = PBXFileReference; lastKnownFileType = sourcecode.cpp.cpp; path = "1018_체스판다시칠하기.cpp"; sourceTree = "<group>"; };
		BE20D13F27FC32A400FC8F96 /* 1021_회전하는큐.cpp */ = {isa = PBXFileReference; lastKnownFileType = sourcecode.cpp.cpp; path = "1021_회전하는큐.cpp"; sourceTree = "<group>"; };
		BE20D14127FC334C00FC8F96 /* 1026_보물.cpp */ = {isa = PBXFileReference; lastKnownFileType = sourcecode.cpp.cpp; path = "1026_보물.cpp"; sourceTree = "<group>"; };
		BE20D14327FC349F00FC8F96 /* 1037_약수.cpp */ = {isa = PBXFileReference; lastKnownFileType = sourcecode.cpp.cpp; path = "1037_약수.cpp"; sourceTree = "<group>"; };
		BE20D14627FDD00700FC8F96 /* 1051_숫자정사각형.cpp */ = {isa = PBXFileReference; lastKnownFileType = sourcecode.cpp.cpp; path = "1051_숫자정사각형.cpp"; sourceTree = "<group>"; };
		BE20D14827FDD04200FC8F96 /* 1058_친구.cpp */ = {isa = PBXFileReference; lastKnownFileType = sourcecode.cpp.cpp; path = "1058_친구.cpp"; sourceTree = "<group>"; };
		BE20D14A27FDD08E00FC8F96 /* 1076_저항.cpp */ = {isa = PBXFileReference; lastKnownFileType = sourcecode.cpp.cpp; path = "1076_저항.cpp"; sourceTree = "<group>"; };
		BE20D14C27FDD0E000FC8F96 /* 1158_요세푸스문제.cpp */ = {isa = PBXFileReference; lastKnownFileType = sourcecode.cpp.cpp; path = "1158_요세푸스문제.cpp"; sourceTree = "<group>"; };
		BE3073CA27EDCA1A0071A7A3 /* 10950_A+B3.cpp */ = {isa = PBXFileReference; lastKnownFileType = sourcecode.cpp.cpp; path = "10950_A+B3.cpp"; sourceTree = "<group>"; };
		BE3073CC27EDCB9B0071A7A3 /* 10951_A+B4.cpp */ = {isa = PBXFileReference; lastKnownFileType = sourcecode.cpp.cpp; path = "10951_A+B4.cpp"; sourceTree = "<group>"; };
		BE3073CE27EDCC0A0071A7A3 /* 10952_A+B5.cpp */ = {isa = PBXFileReference; lastKnownFileType = sourcecode.cpp.cpp; path = "10952_A+B5.cpp"; sourceTree = "<group>"; };
		BE3073D027EDCCE30071A7A3 /* 10990_별찍기15.cpp */ = {isa = PBXFileReference; lastKnownFileType = sourcecode.cpp.cpp; path = "10990_별찍기15.cpp"; sourceTree = "<group>"; };
		BE3073D527EF4E640071A7A3 /* 10991_별찍기16.cpp */ = {isa = PBXFileReference; lastKnownFileType = sourcecode.cpp.cpp; path = "10991_별찍기16.cpp"; sourceTree = "<group>"; };
		BE3073D727EF4EA10071A7A3 /* 10992_별찍기17.cpp */ = {isa = PBXFileReference; lastKnownFileType = sourcecode.cpp.cpp; path = "10992_별찍기17.cpp"; sourceTree = "<group>"; };
		BE3073D927EF4FF80071A7A3 /* 11021_A+B7.cpp */ = {isa = PBXFileReference; lastKnownFileType = sourcecode.cpp.cpp; path = "11021_A+B7.cpp"; sourceTree = "<group>"; };
		BE3073DB27EF519D0071A7A3 /* 11022_A+B8.cpp */ = {isa = PBXFileReference; lastKnownFileType = sourcecode.cpp.cpp; path = "11022_A+B8.cpp"; sourceTree = "<group>"; };
		BE3073DD27F0644F0071A7A3 /* 11966_2의제곱인가.cpp */ = {isa = PBXFileReference; lastKnownFileType = sourcecode.cpp.cpp; path = "11966_2의제곱인가.cpp"; sourceTree = "<group>"; };
		BE3073DF27F065C90071A7A3 /* 1100_하얀칸.cpp */ = {isa = PBXFileReference; lastKnownFileType = sourcecode.cpp.cpp; path = "1100_하얀칸.cpp"; sourceTree = "<group>"; };
		BE3073E127F0670A0071A7A3 /* 1152_단어의개수.cpp */ = {isa = PBXFileReference; lastKnownFileType = sourcecode.cpp.cpp; path = "1152_단어의개수.cpp"; sourceTree = "<group>"; };
		BE3073E327F068AC0071A7A3 /* 1225_이상한곱셈.cpp */ = {isa = PBXFileReference; lastKnownFileType = sourcecode.cpp.cpp; path = "1225_이상한곱셈.cpp"; sourceTree = "<group>"; };
		BE3B023C2833CF8400148A35 /* 2688_줄어들지않아.cpp */ = {isa = PBXFileReference; lastKnownFileType = sourcecode.cpp.cpp; path = "2688_줄어들지않아.cpp"; sourceTree = "<group>"; };
		BE3CDABC28210B49004BCA27 /* 2630_색종이만들기.cpp */ = {isa = PBXFileReference; lastKnownFileType = sourcecode.cpp.cpp; path = "2630_색종이만들기.cpp"; sourceTree = "<group>"; };
		BE4BEFFE27B6BB6800E8E892 /* 2588_곱셈.cpp */ = {isa = PBXFileReference; lastKnownFileType = sourcecode.cpp.cpp; path = "2588_곱셈.cpp"; sourceTree = "<group>"; };
		BE514C262807281F000C02DF /* 1789_수들의합.cpp */ = {isa = PBXFileReference; lastKnownFileType = sourcecode.cpp.cpp; path = "1789_수들의합.cpp"; sourceTree = "<group>"; };
		BE514C2828072855000C02DF /* 1834_나머지와몫이같은수.cpp */ = {isa = PBXFileReference; lastKnownFileType = sourcecode.cpp.cpp; path = "1834_나머지와몫이같은수.cpp"; sourceTree = "<group>"; };
		BE514C2A280728A4000C02DF /* 1865_웜홀.cpp */ = {isa = PBXFileReference; lastKnownFileType = sourcecode.cpp.cpp; path = "1865_웜홀.cpp"; sourceTree = "<group>"; };
		BE514C2C280728DB000C02DF /* 1874_스택수열.cpp */ = {isa = PBXFileReference; lastKnownFileType = sourcecode.cpp.cpp; path = "1874_스택수열.cpp"; sourceTree = "<group>"; };
		BE514C2E28080D05000C02DF /* 14489_치킨두마리.cpp */ = {isa = PBXFileReference; lastKnownFileType = sourcecode.cpp.cpp; path = "14489_치킨두마리.cpp"; sourceTree = "<group>"; };
		BE514C3028087129000C02DF /* 1890_점프.cpp */ = {isa = PBXFileReference; lastKnownFileType = sourcecode.cpp.cpp; path = "1890_점프.cpp"; sourceTree = "<group>"; };
		BE514C32280871C5000C02DF /* 1904_01타일.cpp */ = {isa = PBXFileReference; lastKnownFileType = sourcecode.cpp.cpp; path = "1904_01타일.cpp"; sourceTree = "<group>"; };
		BE514C34280872A7000C02DF /* 1912_연속합.cpp */ = {isa = PBXFileReference; lastKnownFileType = sourcecode.cpp.cpp; path = "1912_연속합.cpp"; sourceTree = "<group>"; };
		BE51AAAE27DF859400A59714 /* 2490_윷놀이.cpp */ = {isa = PBXFileReference; lastKnownFileType = sourcecode.cpp.cpp; path = "2490_윷놀이.cpp"; sourceTree = "<group>"; };
		BE51AAB027DF85C700A59714 /* 2522_별찍기12.cpp */ = {isa = PBXFileReference; lastKnownFileType = sourcecode.cpp.cpp; path = "2522_별찍기12.cpp"; sourceTree = "<group>"; };
		BE51AAB227DF9C0800A59714 /* 2523_별찍기13.cpp */ = {isa = PBXFileReference; lastKnownFileType = sourcecode.cpp.cpp; path = "2523_별찍기13.cpp"; sourceTree = "<group>"; };
		BE51AAB427DF9CEE00A59714 /* 2576_홀수.cpp */ = {isa = PBXFileReference; lastKnownFileType = sourcecode.cpp.cpp; path = "2576_홀수.cpp"; sourceTree = "<group>"; };
		BE51AAB627DF9E4E00A59714 /* 2739_구구단.cpp */ = {isa = PBXFileReference; lastKnownFileType = sourcecode.cpp.cpp; path = "2739_구구단.cpp"; sourceTree = "<group>"; };
		BE51AAB827DF9EFD00A59714 /* 2747_피보나치수.cpp */ = {isa = PBXFileReference; lastKnownFileType = sourcecode.cpp.cpp; path = "2747_피보나치수.cpp"; sourceTree = "<group>"; };
		BE58244527D1F1E6008D2B19 /* 3004_체스판조각.cpp */ = {isa = PBXFileReference; lastKnownFileType = sourcecode.cpp.cpp; path = "3004_체스판조각.cpp"; sourceTree = "<group>"; };
		BE58244727D1F26C008D2B19 /* 5532_방학숙제.cpp */ = {isa = PBXFileReference; lastKnownFileType = sourcecode.cpp.cpp; path = "5532_방학숙제.cpp"; sourceTree = "<group>"; };
		BE58244927D1F2C7008D2B19 /* 5543_상근날드.cpp */ = {isa = PBXFileReference; lastKnownFileType = sourcecode.cpp.cpp; path = "5543_상근날드.cpp"; sourceTree = "<group>"; };
		BE58244C27D1F3C4008D2B19 /* 5575_타임카드.cpp */ = {isa = PBXFileReference; lastKnownFileType = sourcecode.cpp.cpp; path = "5575_타임카드.cpp"; sourceTree = "<group>"; };
		BE6AD0C9282406DA00C6253C /* 2636_치즈.cpp */ = {isa = PBXFileReference; lastKnownFileType = sourcecode.cpp.cpp; path = "2636_치즈.cpp"; sourceTree = "<group>"; };
		BE6AD0CB282509F700C6253C /* 2638_치즈.cpp */ = {isa = PBXFileReference; lastKnownFileType = sourcecode.cpp.cpp; path = "2638_치즈.cpp"; sourceTree = "<group>"; };
		BE6AD0CD282911DC00C6253C /* 2644_촌수계산.cpp */ = {isa = PBXFileReference; lastKnownFileType = sourcecode.cpp.cpp; path = "2644_촌수계산.cpp"; sourceTree = "<group>"; };
		BE6AD0CF282D31E900C6253C /* 2660_회장뽑기.cpp */ = {isa = PBXFileReference; lastKnownFileType = sourcecode.cpp.cpp; path = "2660_회장뽑기.cpp"; sourceTree = "<group>"; };
		BE76A6FE27F82D6400E07DA2 /* 1011_FlyMeToTheAlphaCentauri.cpp */ = {isa = PBXFileReference; lastKnownFileType = sourcecode.cpp.cpp; path = 1011_FlyMeToTheAlphaCentauri.cpp; sourceTree = "<group>"; };
		BE76A70027F82DCF00E07DA2 /* 1065_한수.cpp */ = {isa = PBXFileReference; lastKnownFileType = sourcecode.cpp.cpp; path = "1065_한수.cpp"; sourceTree = "<group>"; };
		BE76A70227F82E6000E07DA2 /* 1181_단어정렬.cpp */ = {isa = PBXFileReference; lastKnownFileType = sourcecode.cpp.cpp; path = "1181_단어정렬.cpp"; sourceTree = "<group>"; };
		BE76A70427F82EF500E07DA2 /* 1292_쉽게푸는문제.cpp */ = {isa = PBXFileReference; lastKnownFileType = sourcecode.cpp.cpp; path = "1292_쉽게푸는문제.cpp"; sourceTree = "<group>"; };
		BE76B5A328360E310074FB1A /* 2617_구슬찾기.cpp */ = {isa = PBXFileReference; lastKnownFileType = sourcecode.cpp.cpp; path = "2617_구슬찾기.cpp"; sourceTree = "<group>"; };
		BE76B5A5283668C70074FB1A /* 1254_팰린드롬만들기.cpp */ = {isa = PBXFileReference; lastKnownFileType = sourcecode.cpp.cpp; path = "1254_팰린드롬만들기.cpp"; sourceTree = "<group>"; };
		BE79C6BF2834FD0500D1C0F8 /* 2693_N번째큰수.cpp */ = {isa = PBXFileReference; lastKnownFileType = sourcecode.cpp.cpp; path = "2693_N번째큰수.cpp"; sourceTree = "<group>"; };
		BE7E2EF727C3E2C50038178A /* 2845_파티가끝나고난뒤.cpp */ = {isa = PBXFileReference; lastKnownFileType = sourcecode.cpp.cpp; path = "2845_파티가끝나고난뒤.cpp"; sourceTree = "<group>"; };
		BE7E2EF927C3E3960038178A /* 2914_저작권.cpp */ = {isa = PBXFileReference; lastKnownFileType = sourcecode.cpp.cpp; path = "2914_저작권.cpp"; sourceTree = "<group>"; };
		BE7E2EFB27C3E4330038178A /* 3003_킹퀸룩비숍나이트폰.cpp */ = {isa = PBXFileReference; lastKnownFileType = sourcecode.cpp.cpp; path = "3003_킹퀸룩비숍나이트폰.cpp"; sourceTree = "<group>"; };
		BE7E2EFD27C3E55D0038178A /* 3046_R2.cpp */ = {isa = PBXFileReference; lastKnownFileType = sourcecode.cpp.cpp; path = 3046_R2.cpp; sourceTree = "<group>"; };
		BE9F146B27B413CD00219E89 /* 2475_검증수.cpp */ = {isa = PBXFileReference; lastKnownFileType = sourcecode.cpp.cpp; path = "2475_검증수.cpp"; sourceTree = "<group>"; };
		BE9F146E27B5E6D100219E89 /* 1330_두수비교하기.cpp */ = {isa = PBXFileReference; lastKnownFileType = sourcecode.cpp.cpp; path = "1330_두수비교하기.cpp"; sourceTree = "<group>"; };
		BE9FFDA527B945E000CB024D /* 8393_합.cpp */ = {isa = PBXFileReference; lastKnownFileType = sourcecode.cpp.cpp; path = "8393_합.cpp"; sourceTree = "<group>"; };
		BEB0D6A127EA01DD001C000A /* 10103_주사위게임.cpp */ = {isa = PBXFileReference; lastKnownFileType = sourcecode.cpp.cpp; path = "10103_주사위게임.cpp"; sourceTree = "<group>"; };
		BEB0D6A327EA021E001C000A /* 10179_쿠폰.cpp */ = {isa = PBXFileReference; lastKnownFileType = sourcecode.cpp.cpp; path = "10179_쿠폰.cpp"; sourceTree = "<group>"; };
		BEB0D6A527EA0298001C000A /* 10250_ACM호텔.cpp */ = {isa = PBXFileReference; lastKnownFileType = sourcecode.cpp.cpp; path = "10250_ACM호텔.cpp"; sourceTree = "<group>"; };
		BEB0D6A727EA02F4001C000A /* 10569_다면체.cpp */ = {isa = PBXFileReference; lastKnownFileType = sourcecode.cpp.cpp; path = "10569_다면체.cpp"; sourceTree = "<group>"; };
		BEB65C042811998D00F11C02 /* 2211_네트워크복구.cpp */ = {isa = PBXFileReference; lastKnownFileType = sourcecode.cpp.cpp; path = "2211_네트워크복구.cpp"; sourceTree = "<group>"; };
		BEB65C0628119A5600F11C02 /* 2225_합분해.cpp */ = {isa = PBXFileReference; lastKnownFileType = sourcecode.cpp.cpp; path = "2225_합분해.cpp"; sourceTree = "<group>"; };
		BEB65C0828119B0100F11C02 /* 2252_줄세우기.cpp */ = {isa = PBXFileReference; lastKnownFileType = sourcecode.cpp.cpp; path = "2252_줄세우기.cpp"; sourceTree = "<group>"; };
		BEB87CE227DF817F00179BFC /* 2445_별찍기8.cpp */ = {isa = PBXFileReference; lastKnownFileType = sourcecode.cpp.cpp; path = "2445_별찍기8.cpp"; sourceTree = "<group>"; };
		BEB87CE527DF823300179BFC /* 2446_별찍기9.cpp */ = {isa = PBXFileReference; lastKnownFileType = sourcecode.cpp.cpp; path = "2446_별찍기9.cpp"; sourceTree = "<group>"; };
		BEBE9BED27E49FD0001CF871 /* 3034_앵그리창영.cpp */ = {isa = PBXFileReference; lastKnownFileType = sourcecode.cpp.cpp; path = "3034_앵그리창영.cpp"; sourceTree = "<group>"; };
		BEBE9BEF27E4A0A0001CF871 /* 4153_직각삼각형.cpp */ = {isa = PBXFileReference; lastKnownFileType = sourcecode.cpp.cpp; path = "4153_직각삼각형.cpp"; sourceTree = "<group>"; };
		BEBE9BF127E4A2B4001CF871 /* 5073_삼각형과세변.cpp */ = {isa = PBXFileReference; lastKnownFileType = sourcecode.cpp.cpp; path = "5073_삼각형과세변.cpp"; sourceTree = "<group>"; };
		BEBE9BF327E4A324001CF871 /* 5086_배수와약수.cpp */ = {isa = PBXFileReference; lastKnownFileType = sourcecode.cpp.cpp; path = "5086_배수와약수.cpp"; sourceTree = "<group>"; };
		BEC0AACA27CDE052005FC522 /* 17295_엔드게임스포일러.cpp */ = {isa = PBXFileReference; lastKnownFileType = sourcecode.cpp.cpp; path = "17295_엔드게임스포일러.cpp"; sourceTree = "<group>"; };
		BEC0AACC27CDE0D5005FC522 /* 15962_새로운시작.cpp */ = {isa = PBXFileReference; lastKnownFileType = sourcecode.cpp.cpp; path = "15962_새로운시작.cpp"; sourceTree = "<group>"; };
		BEC0AACE27CDE13F005FC522 /* 11942_고려대는 사랑입니다..cpp */ = {isa = PBXFileReference; lastKnownFileType = sourcecode.cpp.cpp; path = "11942_고려대는 사랑입니다..cpp"; sourceTree = "<group>"; };
		BEC0AAD027CDE211005FC522 /* 17496_스타후르츠.cpp */ = {isa = PBXFileReference; lastKnownFileType = sourcecode.cpp.cpp; path = "17496_스타후르츠.cpp"; sourceTree = "<group>"; };
		BEC0AAD227CFA5FB005FC522 /* 18108_1998년생인내가태국에서는2541년생?!.cpp */ = {isa = PBXFileReference; lastKnownFileType = sourcecode.cpp.cpp; path = "18108_1998년생인내가태국에서는2541년생?!.cpp"; sourceTree = "<group>"; };
		BEC0AAD427CFA680005FC522 /* 18301_Rats.cpp */ = {isa = PBXFileReference; lastKnownFileType = sourcecode.cpp.cpp; path = 18301_Rats.cpp; sourceTree = "<group>"; };
		BEC0AAD627CFA6F6005FC522 /* 20254_SiteScore.cpp */ = {isa = PBXFileReference; lastKnownFileType = sourcecode.cpp.cpp; path = 20254_SiteScore.cpp; sourceTree = "<group>"; };
		BEC0AAD827CFA750005FC522 /* 20492_세금.cpp */ = {isa = PBXFileReference; lastKnownFileType = sourcecode.cpp.cpp; path = "20492_세금.cpp"; sourceTree = "<group>"; };
		BEC0AADA27D095B9005FC522 /* 1712_손익분기점.cpp */ = {isa = PBXFileReference; lastKnownFileType = sourcecode.cpp.cpp; path = "1712_손익분기점.cpp"; sourceTree = "<group>"; };
		BEC0AADC27D09664005FC522 /* 2420_사파리월드.cpp */ = {isa = PBXFileReference; lastKnownFileType = sourcecode.cpp.cpp; path = "2420_사파리월드.cpp"; sourceTree = "<group>"; };
		BEC0AADE27D09724005FC522 /* 2480_주사위세개.cpp */ = {isa = PBXFileReference; lastKnownFileType = sourcecode.cpp.cpp; path = "2480_주사위세개.cpp"; sourceTree = "<group>"; };
		BEC0AAE027D09810005FC522 /* 2525_오븐시계.cpp */ = {isa = PBXFileReference; lastKnownFileType = sourcecode.cpp.cpp; path = "2525_오븐시계.cpp"; sourceTree = "<group>"; };
		BECB45A427B2BF5A00095197 /* 1008_A나누기B.cpp */ = {isa = PBXFileReference; lastKnownFileType = sourcecode.cpp.cpp; path = "1008_A나누기B.cpp"; sourceTree = "<group>"; usesTabs = 0; };
		BECB8E6127B22E68008BF408 /* Algorithm */ = {isa = PBXFileReference; explicitFileType = "compiled.mach-o.executable"; includeInIndex = 0; path = Algorithm; sourceTree = BUILT_PRODUCTS_DIR; };
		BECB8E6427B22E68008BF408 /* 1000_A+B.cpp */ = {isa = PBXFileReference; lastKnownFileType = sourcecode.cpp.cpp; path = "1000_A+B.cpp"; sourceTree = "<group>"; };
		BECB8E6E27B230D6008BF408 /* 1001_A-B.cpp */ = {isa = PBXFileReference; lastKnownFileType = sourcecode.cpp.cpp; path = "1001_A-B.cpp"; sourceTree = "<group>"; };
		BECB8E7327B23511008BF408 /* 2557_HelloWorld.cpp */ = {isa = PBXFileReference; lastKnownFileType = sourcecode.cpp.cpp; path = 2557_HelloWorld.cpp; sourceTree = "<group>"; };
		BECE01FD27C1F605006ED405 /* 2742_기찍N.cpp */ = {isa = PBXFileReference; lastKnownFileType = sourcecode.cpp.cpp; path = "2742_기찍N.cpp"; sourceTree = "<group>"; };
		BECE01FF27C290BB006ED405 /* 10869_사칙연산.cpp */ = {isa = PBXFileReference; lastKnownFileType = sourcecode.cpp.cpp; path = "10869_사칙연산.cpp"; sourceTree = "<group>"; };
		BECE020127C291BE006ED405 /* 5338_마이크로소프트로고.cpp */ = {isa = PBXFileReference; lastKnownFileType = sourcecode.cpp.cpp; path = "5338_마이크로소프트로고.cpp"; sourceTree = "<group>"; };
		BECE020327C29285006ED405 /* 5337_웰컴.cpp */ = {isa = PBXFileReference; lastKnownFileType = sourcecode.cpp.cpp; path = "5337_웰컴.cpp"; sourceTree = "<group>"; };
		BECE020527C29368006ED405 /* 1550_16진수.cpp */ = {isa = PBXFileReference; lastKnownFileType = sourcecode.cpp.cpp; path = "1550_16진수.cpp"; sourceTree = "<group>"; };
		BED3CD682812DD580048D6E4 /* 2343_기타레슨.cpp */ = {isa = PBXFileReference; lastKnownFileType = sourcecode.cpp.cpp; path = "2343_기타레슨.cpp"; sourceTree = "<group>"; };
		BED3CD6A2812DDEB0048D6E4 /* 2346_풍선터뜨리기.cpp */ = {isa = PBXFileReference; lastKnownFileType = sourcecode.cpp.cpp; path = "2346_풍선터뜨리기.cpp"; sourceTree = "<group>"; };
		BED3CD6C2812DEAF0048D6E4 /* 2417_정수제곱근.cpp */ = {isa = PBXFileReference; lastKnownFileType = sourcecode.cpp.cpp; path = "2417_정수제곱근.cpp"; sourceTree = "<group>"; };
		BED3CD6E2812DF210048D6E4 /* 2435_기상청인턴신현수.cpp */ = {isa = PBXFileReference; lastKnownFileType = sourcecode.cpp.cpp; path = "2435_기상청인턴신현수.cpp"; sourceTree = "<group>"; };
		BED3CD702813FB3A0048D6E4 /* 2458_키순서.cpp */ = {isa = PBXFileReference; lastKnownFileType = sourcecode.cpp.cpp; path = "2458_키순서.cpp"; sourceTree = "<group>"; };
		BED3CD722813FB6F0048D6E4 /* 2468_안전영역.cpp */ = {isa = PBXFileReference; lastKnownFileType = sourcecode.cpp.cpp; path = "2468_안전영역.cpp"; sourceTree = "<group>"; };
		BED3CD742813FB9D0048D6E4 /* 2493_탑.cpp */ = {isa = PBXFileReference; lastKnownFileType = sourcecode.cpp.cpp; path = "2493_탑.cpp"; sourceTree = "<group>"; };
		BED3CD762813FBDC0048D6E4 /* 2504_괄호의값.cpp */ = {isa = PBXFileReference; lastKnownFileType = sourcecode.cpp.cpp; path = "2504_괄호의값.cpp"; sourceTree = "<group>"; };
		BED3CD78281516D50048D6E4 /* 2512_예산.cpp */ = {isa = PBXFileReference; lastKnownFileType = sourcecode.cpp.cpp; path = "2512_예산.cpp"; sourceTree = "<group>"; };
		BED3CD7A281516FC0048D6E4 /* 2559_수열.cpp */ = {isa = PBXFileReference; lastKnownFileType = sourcecode.cpp.cpp; path = "2559_수열.cpp"; sourceTree = "<group>"; };
		BED3CD7C2815175E0048D6E4 /* 2573_빙산.cpp */ = {isa = PBXFileReference; lastKnownFileType = sourcecode.cpp.cpp; path = "2573_빙산.cpp"; sourceTree = "<group>"; };
		BED3CD80281517E20048D6E4 /* 2579_계단오르기.cpp */ = {isa = PBXFileReference; lastKnownFileType = sourcecode.cpp.cpp; path = "2579_계단오르기.cpp"; sourceTree = "<group>"; };
		BED490F12817B71C00639D46 /* 1453_피시방알바.cpp */ = {isa = PBXFileReference; lastKnownFileType = sourcecode.cpp.cpp; path = "1453_피시방알바.cpp"; sourceTree = "<group>"; };
		BED490F32819037400639D46 /* 1717_집합의표현.cpp */ = {isa = PBXFileReference; lastKnownFileType = sourcecode.cpp.cpp; path = "1717_집합의표현.cpp"; sourceTree = "<group>"; };
		BED490F5281905C600639D46 /* 1976_여행가자.cpp */ = {isa = PBXFileReference; lastKnownFileType = sourcecode.cpp.cpp; path = "1976_여행가자.cpp"; sourceTree = "<group>"; };
		BED490F928193EB800639D46 /* 20040_사이클게임.cpp */ = {isa = PBXFileReference; lastKnownFileType = sourcecode.cpp.cpp; path = "20040_사이클게임.cpp"; sourceTree = "<group>"; };
		BED490FB281942EC00639D46 /* 16562_친구비.cpp */ = {isa = PBXFileReference; lastKnownFileType = sourcecode.cpp.cpp; path = "16562_친구비.cpp"; sourceTree = "<group>"; };
		BED490FD281A46E000639D46 /* 2581_소수.cpp */ = {isa = PBXFileReference; lastKnownFileType = sourcecode.cpp.cpp; path = "2581_소수.cpp"; sourceTree = "<group>"; };
		BED490FF281A479B00639D46 /* 2583_영역구하기.cpp */ = {isa = PBXFileReference; lastKnownFileType = sourcecode.cpp.cpp; path = "2583_영역구하기.cpp"; sourceTree = "<group>"; };
		BED49101281A47D600639D46 /* 2589_보물섬.cpp */ = {isa = PBXFileReference; lastKnownFileType = sourcecode.cpp.cpp; path = "2589_보물섬.cpp"; sourceTree = "<group>"; };
		BED4910B281BF51E00639D46 /* 2606_바이러스.cpp */ = {isa = PBXFileReference; lastKnownFileType = sourcecode.cpp.cpp; path = "2606_바이러스.cpp"; sourceTree = "<group>"; };
		BED4910D281BF58000639D46 /* 2609_최대공약수와최소공배수.cpp */ = {isa = PBXFileReference; lastKnownFileType = sourcecode.cpp.cpp; path = "2609_최대공약수와최소공배수.cpp"; sourceTree = "<group>"; };
		BED4910F281BF6AA00639D46 /* 2623_음악프로그램.cpp */ = {isa = PBXFileReference; lastKnownFileType = sourcecode.cpp.cpp; path = "2623_음악프로그램.cpp"; sourceTree = "<group>"; };
		BED49111281BF6FD00639D46 /* 3665_최종순위.cpp */ = {isa = PBXFileReference; lastKnownFileType = sourcecode.cpp.cpp; path = "3665_최종순위.cpp"; sourceTree = "<group>"; };
		BED5300427C760360013D570 /* 8370_Plane.cpp */ = {isa = PBXFileReference; lastKnownFileType = sourcecode.cpp.cpp; path = 8370_Plane.cpp; sourceTree = "<group>"; };
		BED5300627C760D20013D570 /* 9653_스타워즈로고.cpp */ = {isa = PBXFileReference; lastKnownFileType = sourcecode.cpp.cpp; path = "9653_스타워즈로고.cpp"; sourceTree = "<group>"; };
		BED5300827C7612B0013D570 /* 10171_고양이.cpp */ = {isa = PBXFileReference; lastKnownFileType = sourcecode.cpp.cpp; path = "10171_고양이.cpp"; sourceTree = "<group>"; };
		BED5300A27C761C80013D570 /* 10172_개.cpp */ = {isa = PBXFileReference; lastKnownFileType = sourcecode.cpp.cpp; path = "10172_개.cpp"; sourceTree = "<group>"; };
		BED5300C27C7DD220013D570 /* 10430_나머지.cpp */ = {isa = PBXFileReference; lastKnownFileType = sourcecode.cpp.cpp; path = "10430_나머지.cpp"; sourceTree = "<group>"; };
		BED5300E27C7DE0C0013D570 /* 10718_WeLoveKriii.cpp */ = {isa = PBXFileReference; lastKnownFileType = sourcecode.cpp.cpp; path = 10718_WeLoveKriii.cpp; sourceTree = "<group>"; };
		BED5301027C7DF000013D570 /* 10926_??!.cpp */ = {isa = PBXFileReference; lastKnownFileType = sourcecode.cpp.cpp; path = "10926_??!.cpp"; sourceTree = "<group>"; };
		BED5301227C7DF890013D570 /* 10998_AxB.cpp */ = {isa = PBXFileReference; lastKnownFileType = sourcecode.cpp.cpp; path = 10998_AxB.cpp; sourceTree = "<group>"; };
		BED5301427C9F10C0013D570 /* 11654_아스키코드.cpp */ = {isa = PBXFileReference; lastKnownFileType = sourcecode.cpp.cpp; path = "11654_아스키코드.cpp"; sourceTree = "<group>"; };
		BED5301627C9F1B70013D570 /* 14645_와이버스부릉부릉.cpp */ = {isa = PBXFileReference; lastKnownFileType = sourcecode.cpp.cpp; path = "14645_와이버스부릉부릉.cpp"; sourceTree = "<group>"; };
		BED5301827C9F2470013D570 /* 14928_큰수(BIG).cpp */ = {isa = PBXFileReference; lastKnownFileType = sourcecode.cpp.cpp; path = "14928_큰수(BIG).cpp"; sourceTree = "<group>"; };
		BED5301A27C9F2DB0013D570 /* 15727_조별과제를하려는데조장이사라졌다.cpp */ = {isa = PBXFileReference; lastKnownFileType = sourcecode.cpp.cpp; path = "15727_조별과제를하려는데조장이사라졌다.cpp"; sourceTree = "<group>"; };
		BED5301D27CB4C4E0013D570 /* 14652_나는행복합니다.cpp */ = {isa = PBXFileReference; lastKnownFileType = sourcecode.cpp.cpp; path = "14652_나는행복합니다.cpp"; sourceTree = "<group>"; };
		BED5301F27CB4D280013D570 /* 11382_꼬마정민.cpp */ = {isa = PBXFileReference; lastKnownFileType = sourcecode.cpp.cpp; path = "11382_꼬마정민.cpp"; sourceTree = "<group>"; };
		BED5302127CB4D760013D570 /* 15733_나는누구인가.cpp */ = {isa = PBXFileReference; lastKnownFileType = sourcecode.cpp.cpp; path = "15733_나는누구인가.cpp"; sourceTree = "<group>"; };
		BED5302327CB4DE00013D570 /* 15894_수학은체육과목입니다.cpp */ = {isa = PBXFileReference; lastKnownFileType = sourcecode.cpp.cpp; path = "15894_수학은체육과목입니다.cpp"; sourceTree = "<group>"; };
		BED5302527CBCA440013D570 /* 15964_이상한기호.cpp */ = {isa = PBXFileReference; lastKnownFileType = sourcecode.cpp.cpp; path = "15964_이상한기호.cpp"; sourceTree = "<group>"; };
		BED5302727CBCCA10013D570 /* 16394_홍익대학교.cpp */ = {isa = PBXFileReference; lastKnownFileType = sourcecode.cpp.cpp; path = "16394_홍익대학교.cpp"; sourceTree = "<group>"; };
		BED5302927CBCD100013D570 /* 16430_제리와톰.cpp */ = {isa = PBXFileReference; lastKnownFileType = sourcecode.cpp.cpp; path = "16430_제리와톰.cpp"; sourceTree = "<group>"; };
		BED5302B27CBCD590013D570 /* 17256_달달함이넘쳐흘러.cpp */ = {isa = PBXFileReference; lastKnownFileType = sourcecode.cpp.cpp; path = "17256_달달함이넘쳐흘러.cpp"; sourceTree = "<group>"; };
		BED5F6F927BA925500359F57 /* 10039_평균점수.cpp */ = {isa = PBXFileReference; lastKnownFileType = sourcecode.cpp.cpp; path = "10039_평균점수.cpp"; sourceTree = "<group>"; };
		BED5F6FB27BBA6ED00359F57 /* 2558_A+B-2.cpp */ = {isa = PBXFileReference; lastKnownFileType = sourcecode.cpp.cpp; path = "2558_A+B-2.cpp"; sourceTree = "<group>"; };
		BED6BBEE27BF2228006BC1C8 /* 2753_윤년.cpp */ = {isa = PBXFileReference; lastKnownFileType = sourcecode.cpp.cpp; path = "2753_윤년.cpp"; sourceTree = "<group>"; };
		BED6BBF027C0D53A006BC1C8 /* 2741_N찍기.cpp */ = {isa = PBXFileReference; lastKnownFileType = sourcecode.cpp.cpp; path = "2741_N찍기.cpp"; sourceTree = "<group>"; };
		BED6E73B27F705D40074522A /* 15663_N과M9.cpp */ = {isa = PBXFileReference; lastKnownFileType = sourcecode.cpp.cpp; path = "15663_N과M9.cpp"; sourceTree = "<group>"; };
		BED6E73D27F706D30074522A /* 15664_N과M10.cpp */ = {isa = PBXFileReference; lastKnownFileType = sourcecode.cpp.cpp; path = "15664_N과M10.cpp"; sourceTree = "<group>"; };
		BED6E73F27F707490074522A /* 15665_N과M11.cpp */ = {isa = PBXFileReference; lastKnownFileType = sourcecode.cpp.cpp; path = "15665_N과M11.cpp"; sourceTree = "<group>"; };
		BED6E74127F7096D0074522A /* 15666_N과M12.cpp */ = {isa = PBXFileReference; lastKnownFileType = sourcecode.cpp.cpp; path = "15666_N과M12.cpp"; sourceTree = "<group>"; };
		BED807EF2816868600164871 /* 20114_미아노트.cpp */ = {isa = PBXFileReference; lastKnownFileType = sourcecode.cpp.cpp; path = "20114_미아노트.cpp"; sourceTree = "<group>"; };
		BED807F1281686E200164871 /* 1173_운동.cpp */ = {isa = PBXFileReference; lastKnownFileType = sourcecode.cpp.cpp; path = "1173_운동.cpp"; sourceTree = "<group>"; };
		BED807F32816872C00164871 /* 2145_숫자놀이.cpp */ = {isa = PBXFileReference; lastKnownFileType = sourcecode.cpp.cpp; path = "2145_숫자놀이.cpp"; sourceTree = "<group>"; };
		BED807F52816878D00164871 /* 2386_도비의영어공부.cpp */ = {isa = PBXFileReference; lastKnownFileType = sourcecode.cpp.cpp; path = "2386_도비의영어공부.cpp"; sourceTree = "<group>"; };
		BED807F72816888A00164871 /* 1233_주사위.cpp */ = {isa = PBXFileReference; lastKnownFileType = sourcecode.cpp.cpp; path = "1233_주사위.cpp"; sourceTree = "<group>"; };
		BED807FB2816F55D00164871 /* 1350_진짜공간.cpp */ = {isa = PBXFileReference; lastKnownFileType = sourcecode.cpp.cpp; path = "1350_진짜공간.cpp"; sourceTree = "<group>"; };
		BED807FD2816F70E00164871 /* 1264_모음의개수.cpp */ = {isa = PBXFileReference; lastKnownFileType = sourcecode.cpp.cpp; path = "1264_모음의개수.cpp"; sourceTree = "<group>"; };
		BED807FF2816F86000164871 /* 1371_가장많은글자.cpp */ = {isa = PBXFileReference; lastKnownFileType = sourcecode.cpp.cpp; path = "1371_가장많은글자.cpp"; sourceTree = "<group>"; };
		BED8666827F5CC2600AD906B /* 15654_N과M5.cpp */ = {isa = PBXFileReference; lastKnownFileType = sourcecode.cpp.cpp; path = "15654_N과M5.cpp"; sourceTree = "<group>"; };
		BED8666A27F5CE7D00AD906B /* 15655_N과M6.cpp */ = {isa = PBXFileReference; lastKnownFileType = sourcecode.cpp.cpp; path = "15655_N과M6.cpp"; sourceTree = "<group>"; };
		BED8666C27F5CF7A00AD906B /* 15656_N과M7.cpp */ = {isa = PBXFileReference; lastKnownFileType = sourcecode.cpp.cpp; path = "15656_N과M7.cpp"; sourceTree = "<group>"; };
		BED8666E27F5D05C00AD906B /* 15657_N과M8.cpp */ = {isa = PBXFileReference; lastKnownFileType = sourcecode.cpp.cpp; path = "15657_N과M8.cpp"; sourceTree = "<group>"; };
		BED8D76C2800730A006BEC94 /* 1406_에디터.cpp */ = {isa = PBXFileReference; lastKnownFileType = sourcecode.cpp.cpp; path = "1406_에디터.cpp"; sourceTree = "<group>"; };
		BED8D76E2800734A006BEC94 /* 1427_소트인사이드.cpp */ = {isa = PBXFileReference; lastKnownFileType = sourcecode.cpp.cpp; path = "1427_소트인사이드.cpp"; sourceTree = "<group>"; };
		BED8D770280073DB006BEC94 /* 1436_영화감독숌.cpp */ = {isa = PBXFileReference; lastKnownFileType = sourcecode.cpp.cpp; path = "1436_영화감독숌.cpp"; sourceTree = "<group>"; };
		BED8D772280074A7006BEC94 /* 1463_1로만들기.cpp */ = {isa = PBXFileReference; lastKnownFileType = sourcecode.cpp.cpp; path = "1463_1로만들기.cpp"; sourceTree = "<group>"; };
		BED9F8BA27EC3F6A00E92163 /* 23972_악마의제안.cpp */ = {isa = PBXFileReference; lastKnownFileType = sourcecode.cpp.cpp; path = "23972_악마의제안.cpp"; sourceTree = "<group>"; };
		BED9F8BC27EC422B00E92163 /* 16504_종이접기.cpp */ = {isa = PBXFileReference; lastKnownFileType = sourcecode.cpp.cpp; path = "16504_종이접기.cpp"; sourceTree = "<group>"; };
		BED9F8BE27EC437B00E92163 /* 10872_팩토리얼.cpp */ = {isa = PBXFileReference; lastKnownFileType = sourcecode.cpp.cpp; path = "10872_팩토리얼.cpp"; sourceTree = "<group>"; };
		BED9F8C027EC443500E92163 /* 10866_0IsNotCute1IsCute.cpp */ = {isa = PBXFileReference; lastKnownFileType = sourcecode.cpp.cpp; path = 10866_0IsNotCute1IsCute.cpp; sourceTree = "<group>"; };
		BEDA59B927EB28FE006B9A75 /* 10817_세수.cpp */ = {isa = PBXFileReference; lastKnownFileType = sourcecode.cpp.cpp; path = "10817_세수.cpp"; sourceTree = "<group>"; };
		BEDA59BB27EB29A0006B9A75 /* 10818_최소최대.cpp */ = {isa = PBXFileReference; lastKnownFileType = sourcecode.cpp.cpp; path = "10818_최소최대.cpp"; sourceTree = "<group>"; };
		BEDA59BD27EB2AA0006B9A75 /* 10833_사과.cpp */ = {isa = PBXFileReference; lastKnownFileType = sourcecode.cpp.cpp; path = "10833_사과.cpp"; sourceTree = "<group>"; };
		BEDA59BF27EB2B26006B9A75 /* 10871_X보다작은수.cpp */ = {isa = PBXFileReference; lastKnownFileType = sourcecode.cpp.cpp; path = "10871_X보다작은수.cpp"; sourceTree = "<group>"; };
		BEDB24B0282E82A800281D3F /* 2665_미로만들기.cpp */ = {isa = PBXFileReference; lastKnownFileType = sourcecode.cpp.cpp; path = "2665_미로만들기.cpp"; sourceTree = "<group>"; };
		BEDB24B2283133AD00281D3F /* 2667_단지번호붙이기.cpp */ = {isa = PBXFileReference; lastKnownFileType = sourcecode.cpp.cpp; path = "2667_단지번호붙이기.cpp"; sourceTree = "<group>"; };
		BEDBD1FB27E60F4C003A9809 /* 1267_핸드폰요금.cpp */ = {isa = PBXFileReference; lastKnownFileType = sourcecode.cpp.cpp; path = "1267_핸드폰요금.cpp"; sourceTree = "<group>"; };
		BEDBD1FD27E60F8A003A9809 /* 1284_집주소.cpp */ = {isa = PBXFileReference; lastKnownFileType = sourcecode.cpp.cpp; path = "1284_집주소.cpp"; sourceTree = "<group>"; };
		BEDBD1FF27E60FC3003A9809 /* 1547_공.cpp */ = {isa = PBXFileReference; lastKnownFileType = sourcecode.cpp.cpp; path = "1547_공.cpp"; sourceTree = "<group>"; };
		BEDBD20127E6100E003A9809 /* 1964_오각형오각형오각형.cpp */ = {isa = PBXFileReference; lastKnownFileType = sourcecode.cpp.cpp; path = "1964_오각형오각형오각형.cpp"; sourceTree = "<group>"; };
		BEDCDAFA283E760000DEDB79 /* 2798_블랙잭.cpp */ = {isa = PBXFileReference; lastKnownFileType = sourcecode.cpp.cpp; path = "2798_블랙잭.cpp"; sourceTree = "<group>"; };
		BEDD4D3A27FAD77F00207439 /* 1002_터렛.cpp */ = {isa = PBXFileReference; lastKnownFileType = sourcecode.cpp.cpp; path = "1002_터렛.cpp"; sourceTree = "<group>"; };
		BEDD4D3C27FAD7B900207439 /* 1003_피보나치함수.cpp */ = {isa = PBXFileReference; lastKnownFileType = sourcecode.cpp.cpp; path = "1003_피보나치함수.cpp"; sourceTree = "<group>"; };
		BEDD4D3E27FAD7F400207439 /* 1010_다리놓기.cpp */ = {isa = PBXFileReference; lastKnownFileType = sourcecode.cpp.cpp; path = "1010_다리놓기.cpp"; sourceTree = "<group>"; };
		BEDD4D4027FAD98C00207439 /* 1012_유기농배추.cpp */ = {isa = PBXFileReference; lastKnownFileType = sourcecode.cpp.cpp; path = "1012_유기농배추.cpp"; sourceTree = "<group>"; };
		BEDD8BFB2839187C0092EB08 /* 2751_수정렬하기2.cpp */ = {isa = PBXFileReference; lastKnownFileType = sourcecode.cpp.cpp; path = "2751_수정렬하기2.cpp"; sourceTree = "<group>"; };
		BEDE698527C5D38B00357B91 /* 5339_콜센터.cpp */ = {isa = PBXFileReference; lastKnownFileType = sourcecode.cpp.cpp; path = "5339_콜센터.cpp"; sourceTree = "<group>"; };
		BEDE698727C5D53C00357B91 /* 5522_카드게임.cpp */ = {isa = PBXFileReference; lastKnownFileType = sourcecode.cpp.cpp; path = "5522_카드게임.cpp"; sourceTree = "<group>"; };
		BEDE698927C5D5B900357B91 /* 5554_심부름가는길.cpp */ = {isa = PBXFileReference; lastKnownFileType = sourcecode.cpp.cpp; path = "5554_심부름가는길.cpp"; sourceTree = "<group>"; };
		BEDE698B27C5D62000357B91 /* 6749_NextInLine.cpp */ = {isa = PBXFileReference; lastKnownFileType = sourcecode.cpp.cpp; path = 6749_NextInLine.cpp; sourceTree = "<group>"; };
		BEDED610283A6C450049A7CA /* 2775_부녀회장이될테야.cpp */ = {isa = PBXFileReference; lastKnownFileType = sourcecode.cpp.cpp; path = "2775_부녀회장이될테야.cpp"; sourceTree = "<group>"; };
		BEDEDBAF27D4F0C800C6F58A /* 10162_전자레인지.cpp */ = {isa = PBXFileReference; lastKnownFileType = sourcecode.cpp.cpp; path = "10162_전자레인지.cpp"; sourceTree = "<group>"; };
		BEDEDBB127D4F13A00C6F58A /* 10707_수도요금.cpp */ = {isa = PBXFileReference; lastKnownFileType = sourcecode.cpp.cpp; path = "10707_수도요금.cpp"; sourceTree = "<group>"; };
		BEDEDBB327D4F1A100C6F58A /* 10768_특별한날.cpp */ = {isa = PBXFileReference; lastKnownFileType = sourcecode.cpp.cpp; path = "10768_특별한날.cpp"; sourceTree = "<group>"; };
		BEDEDBB527D4F31D00C6F58A /* 10797_10부제.cpp */ = {isa = PBXFileReference; lastKnownFileType = sourcecode.cpp.cpp; path = "10797_10부제.cpp"; sourceTree = "<group>"; };
		BEE0D7052801D17200C1AEC2 /* 1504_특정한최단경로.cpp */ = {isa = PBXFileReference; lastKnownFileType = sourcecode.cpp.cpp; path = "1504_특정한최단경로.cpp"; sourceTree = "<group>"; };
		BEE0D7072801D1B600C1AEC2 /* 1507_궁금한민호.cpp */ = {isa = PBXFileReference; lastKnownFileType = sourcecode.cpp.cpp; path = "1507_궁금한민호.cpp"; sourceTree = "<group>"; };
		BEE0D7092801D1EF00C1AEC2 /* 1516_게임개발.cpp */ = {isa = PBXFileReference; lastKnownFileType = sourcecode.cpp.cpp; path = "1516_게임개발.cpp"; sourceTree = "<group>"; };
		BEE0D70B2801D25500C1AEC2 /* 1654_랜선자르기.cpp */ = {isa = PBXFileReference; lastKnownFileType = sourcecode.cpp.cpp; path = "1654_랜선자르기.cpp"; sourceTree = "<group>"; };
		BEE0D70D2802787200C1AEC2 /* 1613_역사.cpp */ = {isa = PBXFileReference; lastKnownFileType = sourcecode.cpp.cpp; path = "1613_역사.cpp"; sourceTree = "<group>"; };
		BEE0D70F280278C100C1AEC2 /* 1620_나는야포켓몬마스터이다솜.cpp */ = {isa = PBXFileReference; lastKnownFileType = sourcecode.cpp.cpp; path = "1620_나는야포켓몬마스터이다솜.cpp"; sourceTree = "<group>"; };
		BEE0D7112802791100C1AEC2 /* 1662_압축.cpp */ = {isa = PBXFileReference; lastKnownFileType = sourcecode.cpp.cpp; path = "1662_압축.cpp"; sourceTree = "<group>"; };
		BEE0D7132802798E00C1AEC2 /* 1676_팩토리얼0의개수.cpp */ = {isa = PBXFileReference; lastKnownFileType = sourcecode.cpp.cpp; path = "1676_팩토리얼0의개수.cpp"; sourceTree = "<group>"; };
		BEE0D715280473AC00C1AEC2 /* 1697_숨바꼭질.cpp */ = {isa = PBXFileReference; lastKnownFileType = sourcecode.cpp.cpp; path = "1697_숨바꼭질.cpp"; sourceTree = "<group>"; };
		BEE0D7172804743100C1AEC2 /* 1699_제곱수의합.cpp */ = {isa = PBXFileReference; lastKnownFileType = sourcecode.cpp.cpp; path = "1699_제곱수의합.cpp"; sourceTree = "<group>"; };
		BEE0D7192804749D00C1AEC2 /* 1707_이분그래프.cpp */ = {isa = PBXFileReference; lastKnownFileType = sourcecode.cpp.cpp; path = "1707_이분그래프.cpp"; sourceTree = "<group>"; };
		BEE0D71B280474D100C1AEC2 /* 1719_택배.cpp */ = {isa = PBXFileReference; lastKnownFileType = sourcecode.cpp.cpp; path = "1719_택배.cpp"; sourceTree = "<group>"; };
		BEE0D71D2805B42500C1AEC2 /* 1738_골목길.cpp */ = {isa = PBXFileReference; lastKnownFileType = sourcecode.cpp.cpp; path = "1738_골목길.cpp"; sourceTree = "<group>"; };
		BEE0D71F2805B45900C1AEC2 /* 1743_음식물피하기.cpp */ = {isa = PBXFileReference; lastKnownFileType = sourcecode.cpp.cpp; path = "1743_음식물피하기.cpp"; sourceTree = "<group>"; };
		BEE0D7212805B49E00C1AEC2 /* 1753_최단경로.cpp */ = {isa = PBXFileReference; lastKnownFileType = sourcecode.cpp.cpp; path = "1753_최단경로.cpp"; sourceTree = "<group>"; };
		BEE0D7232805B4F400C1AEC2 /* 1759_암호만들기.cpp */ = {isa = PBXFileReference; lastKnownFileType = sourcecode.cpp.cpp; path = "1759_암호만들기.cpp"; sourceTree = "<group>"; };
		BEE0D7252806904D00C1AEC2 /* 1764_듣보잡.cpp */ = {isa = PBXFileReference; lastKnownFileType = sourcecode.cpp.cpp; path = "1764_듣보잡.cpp"; sourceTree = "<group>"; };
		BEE0D7272806907A00C1AEC2 /* 1766_문제집.cpp */ = {isa = PBXFileReference; lastKnownFileType = sourcecode.cpp.cpp; path = "1766_문제집.cpp"; sourceTree = "<group>"; };
		BEE0D729280690A400C1AEC2 /* 1769_3의배수.cpp */ = {isa = PBXFileReference; lastKnownFileType = sourcecode.cpp.cpp; path = "1769_3의배수.cpp"; sourceTree = "<group>"; };
		BEE0D72C2806915800C1AEC2 /* 1780_종이의개수.cpp */ = {isa = PBXFileReference; lastKnownFileType = sourcecode.cpp.cpp; path = "1780_종이의개수.cpp"; sourceTree = "<group>"; };
		BEE17DC12809A55D00C8DA1E /* 1916_최소비용구하기.cpp */ = {isa = PBXFileReference; lastKnownFileType = sourcecode.cpp.cpp; path = "1916_최소비용구하기.cpp"; sourceTree = "<group>"; };
		BEE17DC32809A58900C8DA1E /* 1918_후위표기식.cpp */ = {isa = PBXFileReference; lastKnownFileType = sourcecode.cpp.cpp; path = "1918_후위표기식.cpp"; sourceTree = "<group>"; };
		BEE17DC52809A5B600C8DA1E /* 1920_수찾기.cpp */ = {isa = PBXFileReference; lastKnownFileType = sourcecode.cpp.cpp; path = "1920_수찾기.cpp"; sourceTree = "<group>"; };
		BEE17DC7280AB29400C8DA1E /* 1924_2007년.cpp */ = {isa = PBXFileReference; lastKnownFileType = sourcecode.cpp.cpp; path = "1924_2007년.cpp"; sourceTree = "<group>"; };
		BEE17DC9280AB2CB00C8DA1E /* 1927_최소힙.cpp */ = {isa = PBXFileReference; lastKnownFileType = sourcecode.cpp.cpp; path = "1927_최소힙.cpp"; sourceTree = "<group>"; };
		BEE17DCB280C3B7A00C8DA1E /* 1931_회의실배정.cpp */ = {isa = PBXFileReference; lastKnownFileType = sourcecode.cpp.cpp; path = "1931_회의실배정.cpp"; sourceTree = "<group>"; };
		BEE17DCD280C3BD800C8DA1E /* 1935_후위표기식2.cpp */ = {isa = PBXFileReference; lastKnownFileType = sourcecode.cpp.cpp; path = "1935_후위표기식2.cpp"; sourceTree = "<group>"; };
		BEE17DCF280C3C2800C8DA1E /* 1937_욕심쟁이판다.cpp */ = {isa = PBXFileReference; lastKnownFileType = sourcecode.cpp.cpp; path = "1937_욕심쟁이판다.cpp"; sourceTree = "<group>"; };
		BEE17DD1280C3C6400C8DA1E /* 1956_운동.cpp */ = {isa = PBXFileReference; lastKnownFileType = sourcecode.cpp.cpp; path = "1956_운동.cpp"; sourceTree = "<group>"; };
		BEE17DD3280C654400C8DA1E /* 1966_프린터큐.cpp */ = {isa = PBXFileReference; lastKnownFileType = sourcecode.cpp.cpp; path = "1966_프린터큐.cpp"; sourceTree = "<group>"; };
		BEE17DD5280C65E400C8DA1E /* 1977_완전제곱수.cpp */ = {isa = PBXFileReference; lastKnownFileType = sourcecode.cpp.cpp; path = "1977_완전제곱수.cpp"; sourceTree = "<group>"; };
		BEE17DD7280C662C00C8DA1E /* 1987_알파벳.cpp */ = {isa = PBXFileReference; lastKnownFileType = sourcecode.cpp.cpp; path = "1987_알파벳.cpp"; sourceTree = "<group>"; };
		BEE17DD9280C666200C8DA1E /* 1992_쿼드트리.cpp */ = {isa = PBXFileReference; lastKnownFileType = sourcecode.cpp.cpp; path = "1992_쿼드트리.cpp"; sourceTree = "<group>"; };
		BEE17DDB280EDA5200C8DA1E /* 2003_수들의합2.cpp */ = {isa = PBXFileReference; lastKnownFileType = sourcecode.cpp.cpp; path = "2003_수들의합2.cpp"; sourceTree = "<group>"; };
		BEE17DDD280EDA8700C8DA1E /* 2056_작업.cpp */ = {isa = PBXFileReference; lastKnownFileType = sourcecode.cpp.cpp; path = "2056_작업.cpp"; sourceTree = "<group>"; };
		BEE17DDF280EDAD900C8DA1E /* 2110_공유기설치.cpp */ = {isa = PBXFileReference; lastKnownFileType = sourcecode.cpp.cpp; path = "2110_공유기설치.cpp"; sourceTree = "<group>"; };
		BEE17DE1280EDB1B00C8DA1E /* 2156_포도주시식.cpp */ = {isa = PBXFileReference; lastKnownFileType = sourcecode.cpp.cpp; path = "2156_포도주시식.cpp"; sourceTree = "<group>"; };
		BEE17DE3280F084000C8DA1E /* 2164_카드2.cpp */ = {isa = PBXFileReference; lastKnownFileType = sourcecode.cpp.cpp; path = "2164_카드2.cpp"; sourceTree = "<group>"; };
		BEE17DE5280F087B00C8DA1E /* 2166_다각형의면적.cpp */ = {isa = PBXFileReference; lastKnownFileType = sourcecode.cpp.cpp; path = "2166_다각형의면적.cpp"; sourceTree = "<group>"; };
		BEE17DE7280F093600C8DA1E /* 2178_미로탐색.cpp */ = {isa = PBXFileReference; lastKnownFileType = sourcecode.cpp.cpp; path = "2178_미로탐색.cpp"; sourceTree = "<group>"; };
		BEE17DE9280F096D00C8DA1E /* 2193_이친수.cpp */ = {isa = PBXFileReference; lastKnownFileType = sourcecode.cpp.cpp; path = "2193_이친수.cpp"; sourceTree = "<group>"; };
		BEE1DFC227DAF93C0055133B /* 16431_베시와데이지.cpp */ = {isa = PBXFileReference; fileEncoding = 4; lastKnownFileType = sourcecode.cpp.cpp; path = "16431_베시와데이지.cpp"; sourceTree = "<group>"; };
		BEE1DFC427DAF9C90055133B /* 19698_헛간청약.cpp */ = {isa = PBXFileReference; lastKnownFileType = sourcecode.cpp.cpp; path = "19698_헛간청약.cpp"; sourceTree = "<group>"; };
		BEE1DFC627DAFA1D0055133B /* 19944_뉴비의기준은뭘까.cpp */ = {isa = PBXFileReference; lastKnownFileType = sourcecode.cpp.cpp; path = "19944_뉴비의기준은뭘까.cpp"; sourceTree = "<group>"; };
		BEE1DFC827DAFA600055133B /* 20499_Darius님한타안함.cpp */ = {isa = PBXFileReference; lastKnownFileType = sourcecode.cpp.cpp; path = "20499_Darius님한타안함.cpp"; sourceTree = "<group>"; };
		BEE1DFCA27DAFAAE0055133B /* 1009_분산처리.cpp */ = {isa = PBXFileReference; lastKnownFileType = sourcecode.cpp.cpp; path = "1009_분산처리.cpp"; sourceTree = "<group>"; };
		BEE1FF63283D06BC0082E85B /* 2792_보석상자.cpp */ = {isa = PBXFileReference; lastKnownFileType = sourcecode.cpp.cpp; path = "2792_보석상자.cpp"; sourceTree = "<group>"; };
		BEE2CC9627BE292F00C3F962 /* 2752_세수정렬.cpp */ = {isa = PBXFileReference; lastKnownFileType = sourcecode.cpp.cpp; path = "2752_세수정렬.cpp"; sourceTree = "<group>"; };
		BEE3CC9427DDF48D00EF5099 /* 2441_별찍기4.cpp */ = {isa = PBXFileReference; lastKnownFileType = sourcecode.cpp.cpp; path = "2441_별찍기4.cpp"; sourceTree = "<group>"; };
		BEE3CC9627DDF55100EF5099 /* 2442_별찍기5.cpp */ = {isa = PBXFileReference; lastKnownFileType = sourcecode.cpp.cpp; path = "2442_별찍기5.cpp"; sourceTree = "<group>"; };
		BEE3CC9827DDF5AE00EF5099 /* 2443_별찍기6.cpp */ = {isa = PBXFileReference; lastKnownFileType = sourcecode.cpp.cpp; path = "2443_별찍기6.cpp"; sourceTree = "<group>"; };
		BEE3CC9A27DDF64C00EF5099 /* 2444_별찍기7.cpp */ = {isa = PBXFileReference; lastKnownFileType = sourcecode.cpp.cpp; path = "2444_별찍기7.cpp"; sourceTree = "<group>"; };
		BEE45BA627E76BAB008AC678 /* 2010_플러그.cpp */ = {isa = PBXFileReference; lastKnownFileType = sourcecode.cpp.cpp; path = "2010_플러그.cpp"; sourceTree = "<group>"; };
		BEE45BA827E76BD4008AC678 /* 2163_초콜릿자르기.cpp */ = {isa = PBXFileReference; lastKnownFileType = sourcecode.cpp.cpp; path = "2163_초콜릿자르기.cpp"; sourceTree = "<group>"; };
		BEE45BAA27E76C0A008AC678 /* 2455_지능형기차.cpp */ = {isa = PBXFileReference; lastKnownFileType = sourcecode.cpp.cpp; path = "2455_지능형기차.cpp"; sourceTree = "<group>"; };
		BEE45BAC27E76C4C008AC678 /* 2460_지능형기차2.cpp */ = {isa = PBXFileReference; lastKnownFileType = sourcecode.cpp.cpp; path = "2460_지능형기차2.cpp"; sourceTree = "<group>"; };
		BEE45BAE27E8A4BD008AC678 /* 2476_주사위게임.cpp */ = {isa = PBXFileReference; lastKnownFileType = sourcecode.cpp.cpp; path = "2476_주사위게임.cpp"; sourceTree = "<group>"; };
		BEE45BB027E8A51F008AC678 /* 2501_약수구하기.cpp */ = {isa = PBXFileReference; lastKnownFileType = sourcecode.cpp.cpp; path = "2501_약수구하기.cpp"; sourceTree = "<group>"; };
		BEE45BB227E8A54D008AC678 /* 2506_점수계산.cpp */ = {isa = PBXFileReference; lastKnownFileType = sourcecode.cpp.cpp; path = "2506_점수계산.cpp"; sourceTree = "<group>"; };
		BEE45BB427E8A57E008AC678 /* 2511_카드놀이.cpp */ = {isa = PBXFileReference; lastKnownFileType = sourcecode.cpp.cpp; path = "2511_카드놀이.cpp"; sourceTree = "<group>"; };
		BEE53B8A27D333EC00C0FA40 /* 5596_시험점수.cpp */ = {isa = PBXFileReference; lastKnownFileType = sourcecode.cpp.cpp; path = "5596_시험점수.cpp"; sourceTree = "<group>"; };
		BEE53B8C27D3344900C0FA40 /* 9498_시험성적.cpp */ = {isa = PBXFileReference; lastKnownFileType = sourcecode.cpp.cpp; path = "9498_시험성적.cpp"; sourceTree = "<group>"; };
		BEE53B8E27D3359B00C0FA40 /* 10101_삼각형외우기.cpp */ = {isa = PBXFileReference; lastKnownFileType = sourcecode.cpp.cpp; path = "10101_삼각형외우기.cpp"; sourceTree = "<group>"; };
		BEE53B9027D335E400C0FA40 /* 10156_과자.cpp */ = {isa = PBXFileReference; lastKnownFileType = sourcecode.cpp.cpp; path = "10156_과자.cpp"; sourceTree = "<group>"; };
		BEE5567927D5E2E600DBFB57 /* 13866_팀나누기.cpp */ = {isa = PBXFileReference; lastKnownFileType = sourcecode.cpp.cpp; path = "13866_팀나누기.cpp"; sourceTree = "<group>"; };
		BEE5567B27D5E3BA00DBFB57 /* 14264_정육각형과삼각형.cpp */ = {isa = PBXFileReference; lastKnownFileType = sourcecode.cpp.cpp; path = "14264_정육각형과삼각형.cpp"; sourceTree = "<group>"; };
		BEE5567D27D5E3F800DBFB57 /* 14470_전자레인지.cpp */ = {isa = PBXFileReference; lastKnownFileType = sourcecode.cpp.cpp; path = "14470_전자레인지.cpp"; sourceTree = "<group>"; };
		BEE5567F27D5E44400DBFB57 /* 14681_사분면고르기.cpp */ = {isa = PBXFileReference; lastKnownFileType = sourcecode.cpp.cpp; path = "14681_사분면고르기.cpp"; sourceTree = "<group>"; };
		BEE5568127D7833800DBFB57 /* 14924_폰노이만과파리.cpp */ = {isa = PBXFileReference; lastKnownFileType = sourcecode.cpp.cpp; path = "14924_폰노이만과파리.cpp"; sourceTree = "<group>"; };
		BEE5568327D7840200DBFB57 /* 14935_FA.cpp */ = {isa = PBXFileReference; lastKnownFileType = sourcecode.cpp.cpp; path = 14935_FA.cpp; sourceTree = "<group>"; };
		BEE5568527D7846300DBFB57 /* 15680_연세대학교.cpp */ = {isa = PBXFileReference; lastKnownFileType = sourcecode.cpp.cpp; path = "15680_연세대학교.cpp"; sourceTree = "<group>"; };
		BEE5568727D7850C00DBFB57 /* 15700_타일채우기4.cpp */ = {isa = PBXFileReference; lastKnownFileType = sourcecode.cpp.cpp; path = "15700_타일채우기4.cpp"; sourceTree = "<group>"; };
		BEE75A6727DCCE86008EA096 /* 1085_직사각형에서탈출.cpp */ = {isa = PBXFileReference; lastKnownFileType = sourcecode.cpp.cpp; path = "1085_직사각형에서탈출.cpp"; sourceTree = "<group>"; };
		BEE75A6927DCD0AB008EA096 /* 2438_별찍기1.cpp */ = {isa = PBXFileReference; lastKnownFileType = sourcecode.cpp.cpp; path = "2438_별찍기1.cpp"; sourceTree = "<group>"; };
		BEE75A6B27DCD15A008EA096 /* 2439_별찍기2.cpp */ = {isa = PBXFileReference; lastKnownFileType = sourcecode.cpp.cpp; path = "2439_별찍기2.cpp"; sourceTree = "<group>"; };
		BEE75A6D27DCD229008EA096 /* 2440_별찍기3.cpp */ = {isa = PBXFileReference; lastKnownFileType = sourcecode.cpp.cpp; path = "2440_별찍기3.cpp"; sourceTree = "<group>"; };
		BEE7DB1F27D8DDBC00D9BFC0 /* 15726_이칙연산.cpp */ = {isa = PBXFileReference; lastKnownFileType = sourcecode.cpp.cpp; path = "15726_이칙연산.cpp"; sourceTree = "<group>"; };
		BEE7DB2127D8DDF900D9BFC0 /* 15873_공백없는A+B.cpp */ = {isa = PBXFileReference; lastKnownFileType = sourcecode.cpp.cpp; path = "15873_공백없는A+B.cpp"; sourceTree = "<group>"; };
		BEE7DB2327D8DE6100D9BFC0 /* 15963_CASIO.cpp */ = {isa = PBXFileReference; lastKnownFileType = sourcecode.cpp.cpp; path = 15963_CASIO.cpp; sourceTree = "<group>"; };
		BEE7DB2527D8DEBF00D9BFC0 /* 16199_나이계산하기.cpp */ = {isa = PBXFileReference; lastKnownFileType = sourcecode.cpp.cpp; path = "16199_나이계산하기.cpp"; sourceTree = "<group>"; };
		BEE7DB3127DA43C000D9BFC0 /* 16486_운동장한바퀴.cpp */ = {isa = PBXFileReference; lastKnownFileType = sourcecode.cpp.cpp; path = "16486_운동장한바퀴.cpp"; sourceTree = "<group>"; };
		BEE7DB3327DA44A100D9BFC0 /* 17362_수학은체육과목입니다2.cpp */ = {isa = PBXFileReference; lastKnownFileType = sourcecode.cpp.cpp; path = "17362_수학은체육과목입니다2.cpp"; sourceTree = "<group>"; };
		BEE7DB3527DA44DC00D9BFC0 /* 17388_와글와글숭고한.cpp */ = {isa = PBXFileReference; lastKnownFileType = sourcecode.cpp.cpp; path = "17388_와글와글숭고한.cpp"; sourceTree = "<group>"; };
		BEEC1787283BAF8C000B304B /* 2776_암기왕.cpp */ = {isa = PBXFileReference; lastKnownFileType = sourcecode.cpp.cpp; path = "2776_암기왕.cpp"; sourceTree = "<group>"; };
		BEF75C2527FF105D00BD5AAA /* 1159_농구경기.cpp */ = {isa = PBXFileReference; lastKnownFileType = sourcecode.cpp.cpp; path = "1159_농구경기.cpp"; sourceTree = "<group>"; };
		BEF75C2827FF10DF00BD5AAA /* 1193_분수찾기.cpp */ = {isa = PBXFileReference; lastKnownFileType = sourcecode.cpp.cpp; path = "1193_분수찾기.cpp"; sourceTree = "<group>"; };
		BEF75C2A27FF11B000BD5AAA /* 1260_DFS와BFS.cpp */ = {isa = PBXFileReference; lastKnownFileType = sourcecode.cpp.cpp; path = "1260_DFS와BFS.cpp"; sourceTree = "<group>"; };
		BEF75C2C27FF123500BD5AAA /* 1389_케빈베이컨의6단계법칙.cpp */ = {isa = PBXFileReference; lastKnownFileType = sourcecode.cpp.cpp; path = "1389_케빈베이컨의6단계법칙.cpp"; sourceTree = "<group>"; };
/* End PBXFileReference section */

/* Begin PBXFrameworksBuildPhase section */
		BECB8E5E27B22E68008BF408 /* Frameworks */ = {
			isa = PBXFrameworksBuildPhase;
			buildActionMask = 2147483647;
			files = (
			);
			runOnlyForDeploymentPostprocessing = 0;
		};
/* End PBXFrameworksBuildPhase section */

/* Begin PBXGroup section */
		BECB8E5827B22E68008BF408 = {
			isa = PBXGroup;
			children = (
				BECB8E6327B22E68008BF408 /* Algorithm */,
				BECB8E6227B22E68008BF408 /* Products */,
			);
			sourceTree = "<group>";
		};
		BECB8E6227B22E68008BF408 /* Products */ = {
			isa = PBXGroup;
			children = (
				BECB8E6127B22E68008BF408 /* Algorithm */,
			);
			name = Products;
			sourceTree = "<group>";
		};
		BECB8E6327B22E68008BF408 /* Algorithm */ = {
			isa = PBXGroup;
			children = (
				BECB8E6427B22E68008BF408 /* 1000_A+B.cpp */,
				BECB8E6E27B230D6008BF408 /* 1001_A-B.cpp */,
				BEDD4D3A27FAD77F00207439 /* 1002_터렛.cpp */,
				BEDD4D3C27FAD7B900207439 /* 1003_피보나치함수.cpp */,
				BECB45A427B2BF5A00095197 /* 1008_A나누기B.cpp */,
				BEE1DFCA27DAFAAE0055133B /* 1009_분산처리.cpp */,
				BEDD4D3E27FAD7F400207439 /* 1010_다리놓기.cpp */,
				BE76A6FE27F82D6400E07DA2 /* 1011_FlyMeToTheAlphaCentauri.cpp */,
				BEDD4D4027FAD98C00207439 /* 1012_유기농배추.cpp */,
				BE20D13D27FC2FBD00FC8F96 /* 1018_체스판다시칠하기.cpp */,
				BE20D13F27FC32A400FC8F96 /* 1021_회전하는큐.cpp */,
				BE20D14127FC334C00FC8F96 /* 1026_보물.cpp */,
				BE062CA227F1DF84001F6259 /* 1032_명령프롬프트.cpp */,
				BE20D14327FC349F00FC8F96 /* 1037_약수.cpp */,
				BE20D14627FDD00700FC8F96 /* 1051_숫자정사각형.cpp */,
				BE20D14827FDD04200FC8F96 /* 1058_친구.cpp */,
				BE76A70027F82DCF00E07DA2 /* 1065_한수.cpp */,
				BE20D14A27FDD08E00FC8F96 /* 1076_저항.cpp */,
				BEE75A6727DCCE86008EA096 /* 1085_직사각형에서탈출.cpp */,
				BE3073DF27F065C90071A7A3 /* 1100_하얀칸.cpp */,
				BE3073E127F0670A0071A7A3 /* 1152_단어의개수.cpp */,
				BE20D14C27FDD0E000FC8F96 /* 1158_요세푸스문제.cpp */,
				BEF75C2527FF105D00BD5AAA /* 1159_농구경기.cpp */,
				BE76A70227F82E6000E07DA2 /* 1181_단어정렬.cpp */,
				BEF75C2827FF10DF00BD5AAA /* 1193_분수찾기.cpp */,
				BE3073E327F068AC0071A7A3 /* 1225_이상한곱셈.cpp */,
				BEF75C2A27FF11B000BD5AAA /* 1260_DFS와BFS.cpp */,
				BEDBD1FB27E60F4C003A9809 /* 1267_핸드폰요금.cpp */,
				BEDBD1FD27E60F8A003A9809 /* 1284_집주소.cpp */,
				BE76A70427F82EF500E07DA2 /* 1292_쉽게푸는문제.cpp */,
				BE9F146E27B5E6D100219E89 /* 1330_두수비교하기.cpp */,
				BEF75C2C27FF123500BD5AAA /* 1389_케빈베이컨의6단계법칙.cpp */,
				BED8D76C2800730A006BEC94 /* 1406_에디터.cpp */,
				BED8D76E2800734A006BEC94 /* 1427_소트인사이드.cpp */,
				BED8D770280073DB006BEC94 /* 1436_영화감독숌.cpp */,
				BED8D772280074A7006BEC94 /* 1463_1로만들기.cpp */,
				BEE0D7052801D17200C1AEC2 /* 1504_특정한최단경로.cpp */,
				BEE0D7072801D1B600C1AEC2 /* 1507_궁금한민호.cpp */,
				BEE0D7092801D1EF00C1AEC2 /* 1516_게임개발.cpp */,
				BEDBD1FF27E60FC3003A9809 /* 1547_공.cpp */,
				BECE020527C29368006ED405 /* 1550_16진수.cpp */,
				BEE0D70D2802787200C1AEC2 /* 1613_역사.cpp */,
				BEE0D70F280278C100C1AEC2 /* 1620_나는야포켓몬마스터이다솜.cpp */,
				BEE0D70B2801D25500C1AEC2 /* 1654_랜선자르기.cpp */,
				BEE0D7112802791100C1AEC2 /* 1662_압축.cpp */,
				BEE0D7132802798E00C1AEC2 /* 1676_팩토리얼0의개수.cpp */,
				BEC0AADA27D095B9005FC522 /* 1712_손익분기점.cpp */,
				BE16646027F3464700CE8023 /* 1718_암호.cpp */,
				BEDBD20127E6100E003A9809 /* 1964_오각형오각형오각형.cpp */,
				BEE45BA627E76BAB008AC678 /* 2010_플러그.cpp */,
				BE062C9E27F1DF00001F6259 /* 2161_카드1.cpp */,
				BEE45BA827E76BD4008AC678 /* 2163_초콜릿자르기.cpp */,
				BE16646327F34C2100CE8023 /* 2231_분해합.cpp */,
				BE16646527F34DF800CE8023 /* 2292_벌집.cpp */,
				BE16646827F34F0E00CE8023 /* 2309_일곱난쟁이.cpp */,
				BEC0AADC27D09664005FC522 /* 2420_사파리월드.cpp */,
				BEE75A6927DCD0AB008EA096 /* 2438_별찍기1.cpp */,
				BEE75A6B27DCD15A008EA096 /* 2439_별찍기2.cpp */,
				BEE75A6D27DCD229008EA096 /* 2440_별찍기3.cpp */,
				BEE3CC9427DDF48D00EF5099 /* 2441_별찍기4.cpp */,
				BEE3CC9627DDF55100EF5099 /* 2442_별찍기5.cpp */,
				BEE3CC9827DDF5AE00EF5099 /* 2443_별찍기6.cpp */,
				BEE3CC9A27DDF64C00EF5099 /* 2444_별찍기7.cpp */,
				BEB87CE227DF817F00179BFC /* 2445_별찍기8.cpp */,
				BEB87CE527DF823300179BFC /* 2446_별찍기9.cpp */,
				BEE45BAA27E76C0A008AC678 /* 2455_지능형기차.cpp */,
				BEE45BAC27E76C4C008AC678 /* 2460_지능형기차2.cpp */,
				BE9F146B27B413CD00219E89 /* 2475_검증수.cpp */,
				BEE45BAE27E8A4BD008AC678 /* 2476_주사위게임.cpp */,
				BEC0AADE27D09724005FC522 /* 2480_주사위세개.cpp */,
				BE51AAAE27DF859400A59714 /* 2490_윷놀이.cpp */,
				BEE45BB027E8A51F008AC678 /* 2501_약수구하기.cpp */,
				BEE45BB227E8A54D008AC678 /* 2506_점수계산.cpp */,
				BEE45BB427E8A57E008AC678 /* 2511_카드놀이.cpp */,
				BE51AAB027DF85C700A59714 /* 2522_별찍기12.cpp */,
				BE51AAB227DF9C0800A59714 /* 2523_별찍기13.cpp */,
				BEC0AAE027D09810005FC522 /* 2525_오븐시계.cpp */,
				BECB8E7327B23511008BF408 /* 2557_HelloWorld.cpp */,
				BED5F6FB27BBA6ED00359F57 /* 2558_A+B-2.cpp */,
				BE51AAB427DF9CEE00A59714 /* 2576_홀수.cpp */,
				BE4BEFFE27B6BB6800E8E892 /* 2588_곱셈.cpp */,
				BE51AAB627DF9E4E00A59714 /* 2739_구구단.cpp */,
				BED6BBF027C0D53A006BC1C8 /* 2741_N찍기.cpp */,
				BECE01FD27C1F605006ED405 /* 2742_기찍N.cpp */,
				BE51AAB827DF9EFD00A59714 /* 2747_피보나치수.cpp */,
				BEE2CC9627BE292F00C3F962 /* 2752_세수정렬.cpp */,
				BED6BBEE27BF2228006BC1C8 /* 2753_윤년.cpp */,
				BE09431627E2DB3000C4B6FC /* 2754_학점계산.cpp */,
				BE7E2EF727C3E2C50038178A /* 2845_파티가끝나고난뒤.cpp */,
				BE09431A27E2DBD300C4B6FC /* 2863_이게분수.cpp */,
				BE09431C27E2DD7200C4B6FC /* 2884_알람시계.cpp */,
				BE7E2EF927C3E3960038178A /* 2914_저작권.cpp */,
				BE7E2EFB27C3E4330038178A /* 3003_킹퀸룩비숍나이트폰.cpp */,
				BE58244527D1F1E6008D2B19 /* 3004_체스판조각.cpp */,
				BE09431E27E2DE1D00C4B6FC /* 3009_네번째점.cpp */,
				BEBE9BED27E49FD0001CF871 /* 3034_앵그리창영.cpp */,
				BE7E2EFD27C3E55D0038178A /* 3046_R2.cpp */,
				BE062CA027F1DF34001F6259 /* 3985_롤케이크.cpp */,
				BEBE9BEF27E4A0A0001CF871 /* 4153_직각삼각형.cpp */,
				BEBE9BF127E4A2B4001CF871 /* 5073_삼각형과세변.cpp */,
				BEBE9BF327E4A324001CF871 /* 5086_배수와약수.cpp */,
				BECE020327C29285006ED405 /* 5337_웰컴.cpp */,
				BECE020127C291BE006ED405 /* 5338_마이크로소프트로고.cpp */,
				BEDE698527C5D38B00357B91 /* 5339_콜센터.cpp */,
				BEDE698727C5D53C00357B91 /* 5522_카드게임.cpp */,
				BE58244727D1F26C008D2B19 /* 5532_방학숙제.cpp */,
				BE58244927D1F2C7008D2B19 /* 5543_상근날드.cpp */,
				BEDE698927C5D5B900357B91 /* 5554_심부름가는길.cpp */,
				BE58244C27D1F3C4008D2B19 /* 5575_타임카드.cpp */,
				BEE53B8A27D333EC00C0FA40 /* 5596_시험점수.cpp */,
				BEDE698B27C5D62000357B91 /* 6749_NextInLine.cpp */,
				BED5300427C760360013D570 /* 8370_Plane.cpp */,
				BE9FFDA527B945E000CB024D /* 8393_합.cpp */,
				BEE53B8C27D3344900C0FA40 /* 9498_시험성적.cpp */,
				BED5300627C760D20013D570 /* 9653_스타워즈로고.cpp */,
				BED5F6F927BA925500359F57 /* 10039_평균점수.cpp */,
				BEE53B8E27D3359B00C0FA40 /* 10101_삼각형외우기.cpp */,
				BEB0D6A127EA01DD001C000A /* 10103_주사위게임.cpp */,
				BEE53B9027D335E400C0FA40 /* 10156_과자.cpp */,
				BEDEDBAF27D4F0C800C6F58A /* 10162_전자레인지.cpp */,
				BED5300827C7612B0013D570 /* 10171_고양이.cpp */,
				BED5300A27C761C80013D570 /* 10172_개.cpp */,
				BEB0D6A327EA021E001C000A /* 10179_쿠폰.cpp */,
				BEB0D6A527EA0298001C000A /* 10250_ACM호텔.cpp */,
				BED5300C27C7DD220013D570 /* 10430_나머지.cpp */,
				BEB0D6A727EA02F4001C000A /* 10569_다면체.cpp */,
				BEDEDBB127D4F13A00C6F58A /* 10707_수도요금.cpp */,
				BED5300E27C7DE0C0013D570 /* 10718_WeLoveKriii.cpp */,
				BEDEDBB327D4F1A100C6F58A /* 10768_특별한날.cpp */,
				BEDEDBB527D4F31D00C6F58A /* 10797_10부제.cpp */,
				BEDA59B927EB28FE006B9A75 /* 10817_세수.cpp */,
				BEDA59BB27EB29A0006B9A75 /* 10818_최소최대.cpp */,
				BEDA59BD27EB2AA0006B9A75 /* 10833_사과.cpp */,
				BED9F8C027EC443500E92163 /* 10866_0IsNotCute1IsCute.cpp */,
				BECE01FF27C290BB006ED405 /* 10869_사칙연산.cpp */,
				BEDA59BF27EB2B26006B9A75 /* 10871_X보다작은수.cpp */,
				BED9F8BE27EC437B00E92163 /* 10872_팩토리얼.cpp */,
				BED5301027C7DF000013D570 /* 10926_??!.cpp */,
				BE3073CA27EDCA1A0071A7A3 /* 10950_A+B3.cpp */,
				BE3073CC27EDCB9B0071A7A3 /* 10951_A+B4.cpp */,
				BE3073CE27EDCC0A0071A7A3 /* 10952_A+B5.cpp */,
				BE3073D027EDCCE30071A7A3 /* 10990_별찍기15.cpp */,
				BE3073D527EF4E640071A7A3 /* 10991_별찍기16.cpp */,
				BE3073D727EF4EA10071A7A3 /* 10992_별찍기17.cpp */,
				BED5301227C7DF890013D570 /* 10998_AxB.cpp */,
				BE3073D927EF4FF80071A7A3 /* 11021_A+B7.cpp */,
				BE3073DB27EF519D0071A7A3 /* 11022_A+B8.cpp */,
				BED5301F27CB4D280013D570 /* 11382_꼬마정민.cpp */,
				BED5301427C9F10C0013D570 /* 11654_아스키코드.cpp */,
				BEC0AACE27CDE13F005FC522 /* 11942_고려대는 사랑입니다..cpp */,
				BE3073DD27F0644F0071A7A3 /* 11966_2의제곱인가.cpp */,
				BEE5567927D5E2E600DBFB57 /* 13866_팀나누기.cpp */,
				BEE5567B27D5E3BA00DBFB57 /* 14264_정육각형과삼각형.cpp */,
				BEE5567D27D5E3F800DBFB57 /* 14470_전자레인지.cpp */,
				BED5301627C9F1B70013D570 /* 14645_와이버스부릉부릉.cpp */,
				BED5301D27CB4C4E0013D570 /* 14652_나는행복합니다.cpp */,
				BEE5567F27D5E44400DBFB57 /* 14681_사분면고르기.cpp */,
				BEE5568127D7833800DBFB57 /* 14924_폰노이만과파리.cpp */,
				BED5301827C9F2470013D570 /* 14928_큰수(BIG).cpp */,
				BEE5568327D7840200DBFB57 /* 14935_FA.cpp */,
				BE16646A27F45E6200CE8023 /* 15649_N과M1.cpp */,
				BE16646C27F45F6000CE8023 /* 15650_N과M2.cpp */,
				BE16646E27F45FE000CE8023 /* 15651_N과M3.cpp */,
				BE16647027F4608600CE8023 /* 15652_N과M4.cpp */,
				BED8666827F5CC2600AD906B /* 15654_N과M5.cpp */,
				BED8666A27F5CE7D00AD906B /* 15655_N과M6.cpp */,
				BED8666C27F5CF7A00AD906B /* 15656_N과M7.cpp */,
				BED8666E27F5D05C00AD906B /* 15657_N과M8.cpp */,
				BED6E73B27F705D40074522A /* 15663_N과M9.cpp */,
				BED6E73D27F706D30074522A /* 15664_N과M10.cpp */,
				BED6E73F27F707490074522A /* 15665_N과M11.cpp */,
				BED6E74127F7096D0074522A /* 15666_N과M12.cpp */,
				BEE5568527D7846300DBFB57 /* 15680_연세대학교.cpp */,
				BEE5568727D7850C00DBFB57 /* 15700_타일채우기4.cpp */,
				BEE7DB1F27D8DDBC00D9BFC0 /* 15726_이칙연산.cpp */,
				BED5301A27C9F2DB0013D570 /* 15727_조별과제를하려는데조장이사라졌다.cpp */,
				BED5302127CB4D760013D570 /* 15733_나는누구인가.cpp */,
				BEE7DB2127D8DDF900D9BFC0 /* 15873_공백없는A+B.cpp */,
				BED5302327CB4DE00013D570 /* 15894_수학은체육과목입니다.cpp */,
				BEC0AACC27CDE0D5005FC522 /* 15962_새로운시작.cpp */,
				BEE7DB2327D8DE6100D9BFC0 /* 15963_CASIO.cpp */,
				BED5302527CBCA440013D570 /* 15964_이상한기호.cpp */,
				BE062C9C27F1DE9B001F6259 /* 15969_행복.cpp */,
				BEE7DB2527D8DEBF00D9BFC0 /* 16199_나이계산하기.cpp */,
				BED5302727CBCCA10013D570 /* 16394_홍익대학교.cpp */,
				BED5302927CBCD100013D570 /* 16430_제리와톰.cpp */,
				BEE1DFC227DAF93C0055133B /* 16431_베시와데이지.cpp */,
				BEE7DB3127DA43C000D9BFC0 /* 16486_운동장한바퀴.cpp */,
				BED9F8BC27EC422B00E92163 /* 16504_종이접기.cpp */,
				BED5302B27CBCD590013D570 /* 17256_달달함이넘쳐흘러.cpp */,
				BEC0AACA27CDE052005FC522 /* 17295_엔드게임스포일러.cpp */,
				BEE7DB3327DA44A100D9BFC0 /* 17362_수학은체육과목입니다2.cpp */,
				BEE7DB3527DA44DC00D9BFC0 /* 17388_와글와글숭고한.cpp */,
				BEC0AAD027CDE211005FC522 /* 17496_스타후르츠.cpp */,
				BEC0AAD227CFA5FB005FC522 /* 18108_1998년생인내가태국에서는2541년생?!.cpp */,
				BEC0AAD427CFA680005FC522 /* 18301_Rats.cpp */,
				BEE1DFC427DAF9C90055133B /* 19698_헛간청약.cpp */,
				BEE1DFC627DAFA1D0055133B /* 19944_뉴비의기준은뭘까.cpp */,
				BEC0AAD627CFA6F6005FC522 /* 20254_SiteScore.cpp */,
				BEC0AAD827CFA750005FC522 /* 20492_세금.cpp */,
				BEE1DFC827DAFA600055133B /* 20499_Darius님한타안함.cpp */,
				BED9F8BA27EC3F6A00E92163 /* 23972_악마의제안.cpp */,
				BEE0D715280473AC00C1AEC2 /* 1697_숨바꼭질.cpp */,
				BEE0D7172804743100C1AEC2 /* 1699_제곱수의합.cpp */,
				BEE0D7192804749D00C1AEC2 /* 1707_이분그래프.cpp */,
				BEE0D71B280474D100C1AEC2 /* 1719_택배.cpp */,
				BEE0D71D2805B42500C1AEC2 /* 1738_골목길.cpp */,
				BEE0D71F2805B45900C1AEC2 /* 1743_음식물피하기.cpp */,
				BEE0D7212805B49E00C1AEC2 /* 1753_최단경로.cpp */,
				BEE0D7232805B4F400C1AEC2 /* 1759_암호만들기.cpp */,
				BEE0D7252806904D00C1AEC2 /* 1764_듣보잡.cpp */,
				BEE0D7272806907A00C1AEC2 /* 1766_문제집.cpp */,
				BEE0D729280690A400C1AEC2 /* 1769_3의배수.cpp */,
				BEE0D72C2806915800C1AEC2 /* 1780_종이의개수.cpp */,
				BE514C262807281F000C02DF /* 1789_수들의합.cpp */,
				BE514C2828072855000C02DF /* 1834_나머지와몫이같은수.cpp */,
				BE514C2A280728A4000C02DF /* 1865_웜홀.cpp */,
				BE514C2C280728DB000C02DF /* 1874_스택수열.cpp */,
				BE514C2E28080D05000C02DF /* 14489_치킨두마리.cpp */,
				BE514C3028087129000C02DF /* 1890_점프.cpp */,
				BE514C32280871C5000C02DF /* 1904_01타일.cpp */,
				BE514C34280872A7000C02DF /* 1912_연속합.cpp */,
				BEE17DC12809A55D00C8DA1E /* 1916_최소비용구하기.cpp */,
				BEE17DC32809A58900C8DA1E /* 1918_후위표기식.cpp */,
				BEE17DC52809A5B600C8DA1E /* 1920_수찾기.cpp */,
				BEE17DC7280AB29400C8DA1E /* 1924_2007년.cpp */,
				BEE17DC9280AB2CB00C8DA1E /* 1927_최소힙.cpp */,
				BEE17DCB280C3B7A00C8DA1E /* 1931_회의실배정.cpp */,
				BEE17DCD280C3BD800C8DA1E /* 1935_후위표기식2.cpp */,
				BEE17DCF280C3C2800C8DA1E /* 1937_욕심쟁이판다.cpp */,
				BEE17DD1280C3C6400C8DA1E /* 1956_운동.cpp */,
				BEE17DD3280C654400C8DA1E /* 1966_프린터큐.cpp */,
				BEE17DD5280C65E400C8DA1E /* 1977_완전제곱수.cpp */,
				BEE17DD7280C662C00C8DA1E /* 1987_알파벳.cpp */,
				BEE17DD9280C666200C8DA1E /* 1992_쿼드트리.cpp */,
				BEE17DDB280EDA5200C8DA1E /* 2003_수들의합2.cpp */,
				BEE17DDD280EDA8700C8DA1E /* 2056_작업.cpp */,
				BEE17DDF280EDAD900C8DA1E /* 2110_공유기설치.cpp */,
				BEE17DE1280EDB1B00C8DA1E /* 2156_포도주시식.cpp */,
				BEE17DE3280F084000C8DA1E /* 2164_카드2.cpp */,
				BEE17DE5280F087B00C8DA1E /* 2166_다각형의면적.cpp */,
				BEE17DE7280F093600C8DA1E /* 2178_미로탐색.cpp */,
				BEE17DE9280F096D00C8DA1E /* 2193_이친수.cpp */,
				BEB65C042811998D00F11C02 /* 2211_네트워크복구.cpp */,
				BEB65C0628119A5600F11C02 /* 2225_합분해.cpp */,
				BEB65C0828119B0100F11C02 /* 2252_줄세우기.cpp */,
				BED3CD682812DD580048D6E4 /* 2343_기타레슨.cpp */,
				BED3CD6A2812DDEB0048D6E4 /* 2346_풍선터뜨리기.cpp */,
				BED3CD6C2812DEAF0048D6E4 /* 2417_정수제곱근.cpp */,
				BED3CD6E2812DF210048D6E4 /* 2435_기상청인턴신현수.cpp */,
				BED3CD702813FB3A0048D6E4 /* 2458_키순서.cpp */,
				BED3CD722813FB6F0048D6E4 /* 2468_안전영역.cpp */,
				BED3CD742813FB9D0048D6E4 /* 2493_탑.cpp */,
				BED3CD762813FBDC0048D6E4 /* 2504_괄호의값.cpp */,
				BED3CD78281516D50048D6E4 /* 2512_예산.cpp */,
				BED3CD7A281516FC0048D6E4 /* 2559_수열.cpp */,
				BED3CD7C2815175E0048D6E4 /* 2573_빙산.cpp */,
				BED3CD80281517E20048D6E4 /* 2579_계단오르기.cpp */,
				BED807EF2816868600164871 /* 20114_미아노트.cpp */,
				BED807F1281686E200164871 /* 1173_운동.cpp */,
				BED807F32816872C00164871 /* 2145_숫자놀이.cpp */,
				BED807F52816878D00164871 /* 2386_도비의영어공부.cpp */,
				BED807F72816888A00164871 /* 1233_주사위.cpp */,
				BED807FB2816F55D00164871 /* 1350_진짜공간.cpp */,
				BED807FD2816F70E00164871 /* 1264_모음의개수.cpp */,
				BED807FF2816F86000164871 /* 1371_가장많은글자.cpp */,
				BED490F12817B71C00639D46 /* 1453_피시방알바.cpp */,
				BED490F32819037400639D46 /* 1717_집합의표현.cpp */,
				BED490F5281905C600639D46 /* 1976_여행가자.cpp */,
				BED490F928193EB800639D46 /* 20040_사이클게임.cpp */,
				BED490FB281942EC00639D46 /* 16562_친구비.cpp */,
				BED490FD281A46E000639D46 /* 2581_소수.cpp */,
				BED490FF281A479B00639D46 /* 2583_영역구하기.cpp */,
				BED49101281A47D600639D46 /* 2589_보물섬.cpp */,
				BED4910B281BF51E00639D46 /* 2606_바이러스.cpp */,
				BED4910D281BF58000639D46 /* 2609_최대공약수와최소공배수.cpp */,
				BED4910F281BF6AA00639D46 /* 2623_음악프로그램.cpp */,
				BED49111281BF6FD00639D46 /* 3665_최종순위.cpp */,
				BE3CDABC28210B49004BCA27 /* 2630_색종이만들기.cpp */,
				BE6AD0C9282406DA00C6253C /* 2636_치즈.cpp */,
				BE6AD0CB282509F700C6253C /* 2638_치즈.cpp */,
				BE6AD0CD282911DC00C6253C /* 2644_촌수계산.cpp */,
				BE6AD0CF282D31E900C6253C /* 2660_회장뽑기.cpp */,
				BEDB24B0282E82A800281D3F /* 2665_미로만들기.cpp */,
				BEDB24B2283133AD00281D3F /* 2667_단지번호붙이기.cpp */,
				BE3B023C2833CF8400148A35 /* 2688_줄어들지않아.cpp */,
				BE79C6BF2834FD0500D1C0F8 /* 2693_N번째큰수.cpp */,
				BE76B5A328360E310074FB1A /* 2617_구슬찾기.cpp */,
				BE76B5A5283668C70074FB1A /* 1254_팰린드롬만들기.cpp */,
				BEDD8BFB2839187C0092EB08 /* 2751_수정렬하기2.cpp */,
				BEDED610283A6C450049A7CA /* 2775_부녀회장이될테야.cpp */,
				BEEC1787283BAF8C000B304B /* 2776_암기왕.cpp */,
				BEE1FF63283D06BC0082E85B /* 2792_보석상자.cpp */,
				BEDCDAFA283E760000DEDB79 /* 2798_블랙잭.cpp */,
				BE1A4D82283F5426004BF09E /* 2563_색종이.cpp */,
			);
			path = Algorithm;
			sourceTree = "<group>";
		};
/* End PBXGroup section */

/* Begin PBXNativeTarget section */
		BECB8E6027B22E68008BF408 /* Algorithm */ = {
			isa = PBXNativeTarget;
			buildConfigurationList = BECB8E6827B22E68008BF408 /* Build configuration list for PBXNativeTarget "Algorithm" */;
			buildPhases = (
				BECB8E5D27B22E68008BF408 /* Sources */,
				BECB8E5E27B22E68008BF408 /* Frameworks */,
				BECB8E5F27B22E68008BF408 /* CopyFiles */,
			);
			buildRules = (
			);
			dependencies = (
			);
			name = Algorithm;
			productName = Algorithm;
			productReference = BECB8E6127B22E68008BF408 /* Algorithm */;
			productType = "com.apple.product-type.tool";
		};
/* End PBXNativeTarget section */

/* Begin PBXProject section */
		BECB8E5927B22E68008BF408 /* Project object */ = {
			isa = PBXProject;
			attributes = {
				BuildIndependentTargetsInParallel = 1;
				LastUpgradeCheck = 1330;
				TargetAttributes = {
					BECB8E6027B22E68008BF408 = {
						CreatedOnToolsVersion = 13.2.1;
					};
				};
			};
			buildConfigurationList = BECB8E5C27B22E68008BF408 /* Build configuration list for PBXProject "Algorithm" */;
			compatibilityVersion = "Xcode 13.0";
			developmentRegion = en;
			hasScannedForEncodings = 0;
			knownRegions = (
				en,
				Base,
			);
			mainGroup = BECB8E5827B22E68008BF408;
			productRefGroup = BECB8E6227B22E68008BF408 /* Products */;
			projectDirPath = "";
			projectRoot = "";
			targets = (
				BECB8E6027B22E68008BF408 /* Algorithm */,
			);
		};
/* End PBXProject section */

/* Begin PBXSourcesBuildPhase section */
		BECB8E5D27B22E68008BF408 /* Sources */ = {
			isa = PBXSourcesBuildPhase;
			buildActionMask = 2147483647;
			files = (
				BE1A4D83283F5426004BF09E /* 2563_색종이.cpp in Sources */,
			);
			runOnlyForDeploymentPostprocessing = 0;
		};
/* End PBXSourcesBuildPhase section */

/* Begin XCBuildConfiguration section */
		BECB8E6627B22E68008BF408 /* Debug */ = {
			isa = XCBuildConfiguration;
			buildSettings = {
				ALWAYS_SEARCH_USER_PATHS = NO;
				CLANG_ANALYZER_NONNULL = YES;
				CLANG_ANALYZER_NUMBER_OBJECT_CONVERSION = YES_AGGRESSIVE;
				CLANG_CXX_LANGUAGE_STANDARD = "gnu++17";
				CLANG_CXX_LIBRARY = "libc++";
				CLANG_ENABLE_MODULES = YES;
				CLANG_ENABLE_OBJC_ARC = YES;
				CLANG_ENABLE_OBJC_WEAK = YES;
				CLANG_WARN_BLOCK_CAPTURE_AUTORELEASING = YES;
				CLANG_WARN_BOOL_CONVERSION = YES;
				CLANG_WARN_COMMA = YES;
				CLANG_WARN_CONSTANT_CONVERSION = YES;
				CLANG_WARN_DEPRECATED_OBJC_IMPLEMENTATIONS = YES;
				CLANG_WARN_DIRECT_OBJC_ISA_USAGE = YES_ERROR;
				CLANG_WARN_DOCUMENTATION_COMMENTS = YES;
				CLANG_WARN_EMPTY_BODY = YES;
				CLANG_WARN_ENUM_CONVERSION = YES;
				CLANG_WARN_INFINITE_RECURSION = YES;
				CLANG_WARN_INT_CONVERSION = YES;
				CLANG_WARN_NON_LITERAL_NULL_CONVERSION = YES;
				CLANG_WARN_OBJC_IMPLICIT_RETAIN_SELF = YES;
				CLANG_WARN_OBJC_LITERAL_CONVERSION = YES;
				CLANG_WARN_OBJC_ROOT_CLASS = YES_ERROR;
				CLANG_WARN_QUOTED_INCLUDE_IN_FRAMEWORK_HEADER = YES;
				CLANG_WARN_RANGE_LOOP_ANALYSIS = YES;
				CLANG_WARN_STRICT_PROTOTYPES = YES;
				CLANG_WARN_SUSPICIOUS_MOVE = YES;
				CLANG_WARN_UNGUARDED_AVAILABILITY = YES_AGGRESSIVE;
				CLANG_WARN_UNREACHABLE_CODE = YES;
				CLANG_WARN__DUPLICATE_METHOD_MATCH = YES;
				COPY_PHASE_STRIP = NO;
				DEBUG_INFORMATION_FORMAT = dwarf;
				ENABLE_STRICT_OBJC_MSGSEND = YES;
				ENABLE_TESTABILITY = YES;
				GCC_C_LANGUAGE_STANDARD = gnu11;
				GCC_DYNAMIC_NO_PIC = NO;
				GCC_NO_COMMON_BLOCKS = YES;
				GCC_OPTIMIZATION_LEVEL = 0;
				GCC_PREPROCESSOR_DEFINITIONS = (
					"DEBUG=1",
					"$(inherited)",
				);
				GCC_WARN_64_TO_32_BIT_CONVERSION = YES;
				GCC_WARN_ABOUT_RETURN_TYPE = YES_ERROR;
				GCC_WARN_UNDECLARED_SELECTOR = YES;
				GCC_WARN_UNINITIALIZED_AUTOS = YES_AGGRESSIVE;
				GCC_WARN_UNUSED_FUNCTION = YES;
				GCC_WARN_UNUSED_VARIABLE = YES;
				MACOSX_DEPLOYMENT_TARGET = 11.6;
				MTL_ENABLE_DEBUG_INFO = INCLUDE_SOURCE;
				MTL_FAST_MATH = YES;
				ONLY_ACTIVE_ARCH = YES;
				SDKROOT = macosx;
			};
			name = Debug;
		};
		BECB8E6727B22E68008BF408 /* Release */ = {
			isa = XCBuildConfiguration;
			buildSettings = {
				ALWAYS_SEARCH_USER_PATHS = NO;
				CLANG_ANALYZER_NONNULL = YES;
				CLANG_ANALYZER_NUMBER_OBJECT_CONVERSION = YES_AGGRESSIVE;
				CLANG_CXX_LANGUAGE_STANDARD = "gnu++17";
				CLANG_CXX_LIBRARY = "libc++";
				CLANG_ENABLE_MODULES = YES;
				CLANG_ENABLE_OBJC_ARC = YES;
				CLANG_ENABLE_OBJC_WEAK = YES;
				CLANG_WARN_BLOCK_CAPTURE_AUTORELEASING = YES;
				CLANG_WARN_BOOL_CONVERSION = YES;
				CLANG_WARN_COMMA = YES;
				CLANG_WARN_CONSTANT_CONVERSION = YES;
				CLANG_WARN_DEPRECATED_OBJC_IMPLEMENTATIONS = YES;
				CLANG_WARN_DIRECT_OBJC_ISA_USAGE = YES_ERROR;
				CLANG_WARN_DOCUMENTATION_COMMENTS = YES;
				CLANG_WARN_EMPTY_BODY = YES;
				CLANG_WARN_ENUM_CONVERSION = YES;
				CLANG_WARN_INFINITE_RECURSION = YES;
				CLANG_WARN_INT_CONVERSION = YES;
				CLANG_WARN_NON_LITERAL_NULL_CONVERSION = YES;
				CLANG_WARN_OBJC_IMPLICIT_RETAIN_SELF = YES;
				CLANG_WARN_OBJC_LITERAL_CONVERSION = YES;
				CLANG_WARN_OBJC_ROOT_CLASS = YES_ERROR;
				CLANG_WARN_QUOTED_INCLUDE_IN_FRAMEWORK_HEADER = YES;
				CLANG_WARN_RANGE_LOOP_ANALYSIS = YES;
				CLANG_WARN_STRICT_PROTOTYPES = YES;
				CLANG_WARN_SUSPICIOUS_MOVE = YES;
				CLANG_WARN_UNGUARDED_AVAILABILITY = YES_AGGRESSIVE;
				CLANG_WARN_UNREACHABLE_CODE = YES;
				CLANG_WARN__DUPLICATE_METHOD_MATCH = YES;
				COPY_PHASE_STRIP = NO;
				DEBUG_INFORMATION_FORMAT = "dwarf-with-dsym";
				ENABLE_NS_ASSERTIONS = NO;
				ENABLE_STRICT_OBJC_MSGSEND = YES;
				GCC_C_LANGUAGE_STANDARD = gnu11;
				GCC_NO_COMMON_BLOCKS = YES;
				GCC_WARN_64_TO_32_BIT_CONVERSION = YES;
				GCC_WARN_ABOUT_RETURN_TYPE = YES_ERROR;
				GCC_WARN_UNDECLARED_SELECTOR = YES;
				GCC_WARN_UNINITIALIZED_AUTOS = YES_AGGRESSIVE;
				GCC_WARN_UNUSED_FUNCTION = YES;
				GCC_WARN_UNUSED_VARIABLE = YES;
				MACOSX_DEPLOYMENT_TARGET = 11.6;
				MTL_ENABLE_DEBUG_INFO = NO;
				MTL_FAST_MATH = YES;
				SDKROOT = macosx;
			};
			name = Release;
		};
		BECB8E6927B22E68008BF408 /* Debug */ = {
			isa = XCBuildConfiguration;
			buildSettings = {
				CODE_SIGN_IDENTITY = "-";
				CODE_SIGN_STYLE = Automatic;
				PRODUCT_NAME = "$(TARGET_NAME)";
			};
			name = Debug;
		};
		BECB8E6A27B22E68008BF408 /* Release */ = {
			isa = XCBuildConfiguration;
			buildSettings = {
				CODE_SIGN_IDENTITY = "-";
				CODE_SIGN_STYLE = Automatic;
				PRODUCT_NAME = "$(TARGET_NAME)";
			};
			name = Release;
		};
/* End XCBuildConfiguration section */

/* Begin XCConfigurationList section */
		BECB8E5C27B22E68008BF408 /* Build configuration list for PBXProject "Algorithm" */ = {
			isa = XCConfigurationList;
			buildConfigurations = (
				BECB8E6627B22E68008BF408 /* Debug */,
				BECB8E6727B22E68008BF408 /* Release */,
			);
			defaultConfigurationIsVisible = 0;
			defaultConfigurationName = Release;
		};
		BECB8E6827B22E68008BF408 /* Build configuration list for PBXNativeTarget "Algorithm" */ = {
			isa = XCConfigurationList;
			buildConfigurations = (
				BECB8E6927B22E68008BF408 /* Debug */,
				BECB8E6A27B22E68008BF408 /* Release */,
			);
			defaultConfigurationIsVisible = 0;
			defaultConfigurationName = Release;
		};
/* End XCConfigurationList section */
	};
	rootObject = BECB8E5927B22E68008BF408 /* Project object */;
}
